// !$*UTF8*$!
{
	archiveVersion = 1;
	classes = {
	};
	objectVersion = 50;
	objects = {

/* Begin PBXBuildFile section */
		566A3205263AA1E6001E8D28 /* main.cpp in Sources */ = {isa = PBXBuildFile; fileRef = 566A3204263AA1E6001E8D28 /* main.cpp */; };
		5680A910263BA66100EC3B30 /* main.cpp in Sources */ = {isa = PBXBuildFile; fileRef = 5680A90F263BA66100EC3B30 /* main.cpp */; };
		5680AD59263BDAAE00EC3B30 /* libopencv_surface_matching.4.5.2.dylib in Frameworks */ = {isa = PBXBuildFile; fileRef = 5680AD22263BDAAD00EC3B30 /* libopencv_surface_matching.4.5.2.dylib */; };
		5680AD5A263BDAAE00EC3B30 /* libopencv_line_descriptor.4.5.2.dylib in Frameworks */ = {isa = PBXBuildFile; fileRef = 5680AD23263BDAAD00EC3B30 /* libopencv_line_descriptor.4.5.2.dylib */; };
		5680AD5B263BDAAE00EC3B30 /* libopencv_phase_unwrapping.4.5.2.dylib in Frameworks */ = {isa = PBXBuildFile; fileRef = 5680AD24263BDAAD00EC3B30 /* libopencv_phase_unwrapping.4.5.2.dylib */; };
		5680AD5C263BDAAF00EC3B30 /* libopencv_features2d.4.5.2.dylib in Frameworks */ = {isa = PBXBuildFile; fileRef = 5680AD25263BDAAD00EC3B30 /* libopencv_features2d.4.5.2.dylib */; };
		5680AD5D263BDAAF00EC3B30 /* libopencv_dnn_superres.4.5.2.dylib in Frameworks */ = {isa = PBXBuildFile; fileRef = 5680AD26263BDAAD00EC3B30 /* libopencv_dnn_superres.4.5.2.dylib */; };
		5680AD5E263BDAAF00EC3B30 /* libopencv_alphamat.4.5.2.dylib in Frameworks */ = {isa = PBXBuildFile; fileRef = 5680AD27263BDAAD00EC3B30 /* libopencv_alphamat.4.5.2.dylib */; };
		5680AD5F263BDAAF00EC3B30 /* libopencv_photo.4.5.2.dylib in Frameworks */ = {isa = PBXBuildFile; fileRef = 5680AD28263BDAAD00EC3B30 /* libopencv_photo.4.5.2.dylib */; };
		5680AD60263BDAAF00EC3B30 /* libopencv_tracking.4.5.2.dylib in Frameworks */ = {isa = PBXBuildFile; fileRef = 5680AD29263BDAAD00EC3B30 /* libopencv_tracking.4.5.2.dylib */; };
		5680AD61263BDAAF00EC3B30 /* libopencv_bioinspired.4.5.2.dylib in Frameworks */ = {isa = PBXBuildFile; fileRef = 5680AD2A263BDAAD00EC3B30 /* libopencv_bioinspired.4.5.2.dylib */; };
		5680AD62263BDAAF00EC3B30 /* libopencv_videostab.4.5.2.dylib in Frameworks */ = {isa = PBXBuildFile; fileRef = 5680AD2B263BDAAD00EC3B30 /* libopencv_videostab.4.5.2.dylib */; };
		5680AD63263BDAAF00EC3B30 /* libopencv_hfs.4.5.2.dylib in Frameworks */ = {isa = PBXBuildFile; fileRef = 5680AD2C263BDAAD00EC3B30 /* libopencv_hfs.4.5.2.dylib */; };
		5680AD64263BDAAF00EC3B30 /* libopencv_video.4.5.2.dylib in Frameworks */ = {isa = PBXBuildFile; fileRef = 5680AD2D263BDAAD00EC3B30 /* libopencv_video.4.5.2.dylib */; };
		5680AD65263BDAAF00EC3B30 /* libopencv_stereo.4.5.2.dylib in Frameworks */ = {isa = PBXBuildFile; fileRef = 5680AD2E263BDAAD00EC3B30 /* libopencv_stereo.4.5.2.dylib */; };
		5680AD66263BDAAF00EC3B30 /* libopencv_viz.4.5.2.dylib in Frameworks */ = {isa = PBXBuildFile; fileRef = 5680AD2F263BDAAD00EC3B30 /* libopencv_viz.4.5.2.dylib */; };
		5680AD67263BDAAF00EC3B30 /* libopencv_datasets.4.5.2.dylib in Frameworks */ = {isa = PBXBuildFile; fileRef = 5680AD30263BDAAD00EC3B30 /* libopencv_datasets.4.5.2.dylib */; };
		5680AD68263BDAAF00EC3B30 /* libopencv_gapi.4.5.2.dylib in Frameworks */ = {isa = PBXBuildFile; fileRef = 5680AD31263BDAAD00EC3B30 /* libopencv_gapi.4.5.2.dylib */; };
		5680AD69263BDAB000EC3B30 /* libopencv_rapid.4.5.2.dylib in Frameworks */ = {isa = PBXBuildFile; fileRef = 5680AD32263BDAAD00EC3B30 /* libopencv_rapid.4.5.2.dylib */; };
		5680AD6A263BDAB000EC3B30 /* libopencv_dnn_objdetect.4.5.2.dylib in Frameworks */ = {isa = PBXBuildFile; fileRef = 5680AD33263BDAAD00EC3B30 /* libopencv_dnn_objdetect.4.5.2.dylib */; };
		5680AD6B263BDAB000EC3B30 /* libopencv_ximgproc.4.5.2.dylib in Frameworks */ = {isa = PBXBuildFile; fileRef = 5680AD34263BDAAD00EC3B30 /* libopencv_ximgproc.4.5.2.dylib */; };
		5680AD6C263BDAB000EC3B30 /* libopencv_quality.4.5.2.dylib in Frameworks */ = {isa = PBXBuildFile; fileRef = 5680AD35263BDAAD00EC3B30 /* libopencv_quality.4.5.2.dylib */; };
		5680AD6D263BDAB000EC3B30 /* libopencv_videoio.4.5.2.dylib in Frameworks */ = {isa = PBXBuildFile; fileRef = 5680AD36263BDAAD00EC3B30 /* libopencv_videoio.4.5.2.dylib */; };
		5680AD6E263BDAB000EC3B30 /* libopencv_calib3d.4.5.2.dylib in Frameworks */ = {isa = PBXBuildFile; fileRef = 5680AD37263BDAAD00EC3B30 /* libopencv_calib3d.4.5.2.dylib */; };
		5680AD6F263BDAB000EC3B30 /* libopencv_face.4.5.2.dylib in Frameworks */ = {isa = PBXBuildFile; fileRef = 5680AD38263BDAAD00EC3B30 /* libopencv_face.4.5.2.dylib */; };
		5680AD70263BDAB000EC3B30 /* libopencv_ccalib.4.5.2.dylib in Frameworks */ = {isa = PBXBuildFile; fileRef = 5680AD39263BDAAD00EC3B30 /* libopencv_ccalib.4.5.2.dylib */; };
		5680AD71263BDAB000EC3B30 /* libopencv_ml.4.5.2.dylib in Frameworks */ = {isa = PBXBuildFile; fileRef = 5680AD3A263BDAAD00EC3B30 /* libopencv_ml.4.5.2.dylib */; };
		5680AD72263BDAB000EC3B30 /* libopencv_fuzzy.4.5.2.dylib in Frameworks */ = {isa = PBXBuildFile; fileRef = 5680AD3B263BDAAD00EC3B30 /* libopencv_fuzzy.4.5.2.dylib */; };
		5680AD73263BDAB000EC3B30 /* libopencv_structured_light.4.5.2.dylib in Frameworks */ = {isa = PBXBuildFile; fileRef = 5680AD3C263BDAAD00EC3B30 /* libopencv_structured_light.4.5.2.dylib */; };
		5680AD74263BDAB000EC3B30 /* libopencv_plot.4.5.2.dylib in Frameworks */ = {isa = PBXBuildFile; fileRef = 5680AD3D263BDAAD00EC3B30 /* libopencv_plot.4.5.2.dylib */; };
		5680AD75263BDAB000EC3B30 /* libopencv_reg.4.5.2.dylib in Frameworks */ = {isa = PBXBuildFile; fileRef = 5680AD3E263BDAAE00EC3B30 /* libopencv_reg.4.5.2.dylib */; };
		5680AD76263BDAB000EC3B30 /* libopencv_wechat_qrcode.4.5.2.dylib in Frameworks */ = {isa = PBXBuildFile; fileRef = 5680AD3F263BDAAE00EC3B30 /* libopencv_wechat_qrcode.4.5.2.dylib */; };
		5680AD77263BDAB100EC3B30 /* libopencv_mcc.4.5.2.dylib in Frameworks */ = {isa = PBXBuildFile; fileRef = 5680AD40263BDAAE00EC3B30 /* libopencv_mcc.4.5.2.dylib */; };
		5680AD78263BDAB100EC3B30 /* libopencv_xphoto.4.5.2.dylib in Frameworks */ = {isa = PBXBuildFile; fileRef = 5680AD41263BDAAE00EC3B30 /* libopencv_xphoto.4.5.2.dylib */; };
		5680AD79263BDAB100EC3B30 /* libopencv_dpm.4.5.2.dylib in Frameworks */ = {isa = PBXBuildFile; fileRef = 5680AD42263BDAAE00EC3B30 /* libopencv_dpm.4.5.2.dylib */; };
		5680AD7A263BDAB100EC3B30 /* libopencv_superres.4.5.2.dylib in Frameworks */ = {isa = PBXBuildFile; fileRef = 5680AD43263BDAAE00EC3B30 /* libopencv_superres.4.5.2.dylib */; };
		5680AD7B263BDAB100EC3B30 /* libopencv_highgui.4.5.2.dylib in Frameworks */ = {isa = PBXBuildFile; fileRef = 5680AD44263BDAAE00EC3B30 /* libopencv_highgui.4.5.2.dylib */; };
		5680AD7C263BDAB100EC3B30 /* libopencv_freetype.4.5.2.dylib in Frameworks */ = {isa = PBXBuildFile; fileRef = 5680AD45263BDAAE00EC3B30 /* libopencv_freetype.4.5.2.dylib */; };
		5680AD7D263BDAB100EC3B30 /* libopencv_imgproc.4.5.2.dylib in Frameworks */ = {isa = PBXBuildFile; fileRef = 5680AD46263BDAAE00EC3B30 /* libopencv_imgproc.4.5.2.dylib */; };
		5680AD7E263BDAB100EC3B30 /* libopencv_intensity_transform.4.5.2.dylib in Frameworks */ = {isa = PBXBuildFile; fileRef = 5680AD47263BDAAE00EC3B30 /* libopencv_intensity_transform.4.5.2.dylib */; };
		5680AD7F263BDAB100EC3B30 /* libopencv_optflow.4.5.2.dylib in Frameworks */ = {isa = PBXBuildFile; fileRef = 5680AD48263BDAAE00EC3B30 /* libopencv_optflow.4.5.2.dylib */; };
		5680AD80263BDAB100EC3B30 /* libopencv_sfm.4.5.2.dylib in Frameworks */ = {isa = PBXBuildFile; fileRef = 5680AD49263BDAAE00EC3B30 /* libopencv_sfm.4.5.2.dylib */; };
		5680AD81263BDAB100EC3B30 /* libopencv_text.4.5.2.dylib in Frameworks */ = {isa = PBXBuildFile; fileRef = 5680AD4A263BDAAE00EC3B30 /* libopencv_text.4.5.2.dylib */; };
		5680AD82263BDAB100EC3B30 /* libopencv_objdetect.4.5.2.dylib in Frameworks */ = {isa = PBXBuildFile; fileRef = 5680AD4B263BDAAE00EC3B30 /* libopencv_objdetect.4.5.2.dylib */; };
		5680AD83263BDAB100EC3B30 /* libopencv_imgcodecs.4.5.2.dylib in Frameworks */ = {isa = PBXBuildFile; fileRef = 5680AD4C263BDAAE00EC3B30 /* libopencv_imgcodecs.4.5.2.dylib */; };
		5680AD84263BDAB200EC3B30 /* libopencv_dnn.4.5.2.dylib in Frameworks */ = {isa = PBXBuildFile; fileRef = 5680AD4D263BDAAE00EC3B30 /* libopencv_dnn.4.5.2.dylib */; };
		5680AD85263BDAB200EC3B30 /* libopencv_rgbd.4.5.2.dylib in Frameworks */ = {isa = PBXBuildFile; fileRef = 5680AD4E263BDAAE00EC3B30 /* libopencv_rgbd.4.5.2.dylib */; };
		5680AD86263BDAB200EC3B30 /* libopencv_xobjdetect.4.5.2.dylib in Frameworks */ = {isa = PBXBuildFile; fileRef = 5680AD4F263BDAAE00EC3B30 /* libopencv_xobjdetect.4.5.2.dylib */; };
		5680AD87263BDAB200EC3B30 /* libopencv_shape.4.5.2.dylib in Frameworks */ = {isa = PBXBuildFile; fileRef = 5680AD50263BDAAE00EC3B30 /* libopencv_shape.4.5.2.dylib */; };
		5680AD88263BDAB200EC3B30 /* libopencv_flann.4.5.2.dylib in Frameworks */ = {isa = PBXBuildFile; fileRef = 5680AD51263BDAAE00EC3B30 /* libopencv_flann.4.5.2.dylib */; };
		5680AD89263BDAB200EC3B30 /* libopencv_img_hash.4.5.2.dylib in Frameworks */ = {isa = PBXBuildFile; fileRef = 5680AD52263BDAAE00EC3B30 /* libopencv_img_hash.4.5.2.dylib */; };
		5680AD8A263BDAB200EC3B30 /* libopencv_bgsegm.4.5.2.dylib in Frameworks */ = {isa = PBXBuildFile; fileRef = 5680AD53263BDAAE00EC3B30 /* libopencv_bgsegm.4.5.2.dylib */; };
		5680AD8B263BDAB200EC3B30 /* libopencv_aruco.4.5.2.dylib in Frameworks */ = {isa = PBXBuildFile; fileRef = 5680AD54263BDAAE00EC3B30 /* libopencv_aruco.4.5.2.dylib */; };
		5680AD8C263BDAB200EC3B30 /* libopencv_core.4.5.2.dylib in Frameworks */ = {isa = PBXBuildFile; fileRef = 5680AD55263BDAAE00EC3B30 /* libopencv_core.4.5.2.dylib */; };
		5680AD8D263BDAB200EC3B30 /* libopencv_xfeatures2d.4.5.2.dylib in Frameworks */ = {isa = PBXBuildFile; fileRef = 5680AD56263BDAAE00EC3B30 /* libopencv_xfeatures2d.4.5.2.dylib */; };
		5680AD8E263BDAB200EC3B30 /* libopencv_saliency.4.5.2.dylib in Frameworks */ = {isa = PBXBuildFile; fileRef = 5680AD57263BDAAE00EC3B30 /* libopencv_saliency.4.5.2.dylib */; };
		5680AD8F263BDAB200EC3B30 /* libopencv_stitching.4.5.2.dylib in Frameworks */ = {isa = PBXBuildFile; fileRef = 5680AD58263BDAAE00EC3B30 /* libopencv_stitching.4.5.2.dylib */; };
		5680AD92263BDAD800EC3B30 /* libopencv_hfs.4.5.2.dylib in Frameworks */ = {isa = PBXBuildFile; fileRef = 5680AD2C263BDAAD00EC3B30 /* libopencv_hfs.4.5.2.dylib */; };
		5680AD93263BDAD800EC3B30 /* libopencv_datasets.4.5.2.dylib in Frameworks */ = {isa = PBXBuildFile; fileRef = 5680AD30263BDAAD00EC3B30 /* libopencv_datasets.4.5.2.dylib */; };
		5680AD94263BDAD900EC3B30 /* libopencv_video.4.5.2.dylib in Frameworks */ = {isa = PBXBuildFile; fileRef = 5680AD2D263BDAAD00EC3B30 /* libopencv_video.4.5.2.dylib */; };
		5680AD95263BDAD900EC3B30 /* libopencv_xobjdetect.4.5.2.dylib in Frameworks */ = {isa = PBXBuildFile; fileRef = 5680AD4F263BDAAE00EC3B30 /* libopencv_xobjdetect.4.5.2.dylib */; };
		5680AD96263BDAD900EC3B30 /* libopencv_face.4.5.2.dylib in Frameworks */ = {isa = PBXBuildFile; fileRef = 5680AD38263BDAAD00EC3B30 /* libopencv_face.4.5.2.dylib */; };
		5680AD97263BDAD900EC3B30 /* libopencv_freetype.4.5.2.dylib in Frameworks */ = {isa = PBXBuildFile; fileRef = 5680AD45263BDAAE00EC3B30 /* libopencv_freetype.4.5.2.dylib */; };
		5680AD98263BDAD900EC3B30 /* libopencv_photo.4.5.2.dylib in Frameworks */ = {isa = PBXBuildFile; fileRef = 5680AD28263BDAAD00EC3B30 /* libopencv_photo.4.5.2.dylib */; };
		5680AD99263BDAD900EC3B30 /* libopencv_phase_unwrapping.4.5.2.dylib in Frameworks */ = {isa = PBXBuildFile; fileRef = 5680AD24263BDAAD00EC3B30 /* libopencv_phase_unwrapping.4.5.2.dylib */; };
		5680AD9A263BDAD900EC3B30 /* libopencv_dnn_objdetect.4.5.2.dylib in Frameworks */ = {isa = PBXBuildFile; fileRef = 5680AD33263BDAAD00EC3B30 /* libopencv_dnn_objdetect.4.5.2.dylib */; };
		5680AD9B263BDAD900EC3B30 /* libopencv_shape.4.5.2.dylib in Frameworks */ = {isa = PBXBuildFile; fileRef = 5680AD50263BDAAE00EC3B30 /* libopencv_shape.4.5.2.dylib */; };
		5680AD9C263BDAD900EC3B30 /* libopencv_ximgproc.4.5.2.dylib in Frameworks */ = {isa = PBXBuildFile; fileRef = 5680AD34263BDAAD00EC3B30 /* libopencv_ximgproc.4.5.2.dylib */; };
		5680AD9D263BDAD900EC3B30 /* libopencv_dnn.4.5.2.dylib in Frameworks */ = {isa = PBXBuildFile; fileRef = 5680AD4D263BDAAE00EC3B30 /* libopencv_dnn.4.5.2.dylib */; };
		5680AD9E263BDAD900EC3B30 /* libopencv_bgsegm.4.5.2.dylib in Frameworks */ = {isa = PBXBuildFile; fileRef = 5680AD53263BDAAE00EC3B30 /* libopencv_bgsegm.4.5.2.dylib */; };
		5680AD9F263BDAD900EC3B30 /* libopencv_line_descriptor.4.5.2.dylib in Frameworks */ = {isa = PBXBuildFile; fileRef = 5680AD23263BDAAD00EC3B30 /* libopencv_line_descriptor.4.5.2.dylib */; };
		5680ADA0263BDAD900EC3B30 /* libopencv_objdetect.4.5.2.dylib in Frameworks */ = {isa = PBXBuildFile; fileRef = 5680AD4B263BDAAE00EC3B30 /* libopencv_objdetect.4.5.2.dylib */; };
		5680ADA1263BDAD900EC3B30 /* libopencv_wechat_qrcode.4.5.2.dylib in Frameworks */ = {isa = PBXBuildFile; fileRef = 5680AD3F263BDAAE00EC3B30 /* libopencv_wechat_qrcode.4.5.2.dylib */; };
		5680ADA2263BDADA00EC3B30 /* libopencv_plot.4.5.2.dylib in Frameworks */ = {isa = PBXBuildFile; fileRef = 5680AD3D263BDAAD00EC3B30 /* libopencv_plot.4.5.2.dylib */; };
		5680ADA3263BDADA00EC3B30 /* libopencv_core.4.5.2.dylib in Frameworks */ = {isa = PBXBuildFile; fileRef = 5680AD55263BDAAE00EC3B30 /* libopencv_core.4.5.2.dylib */; };
		5680ADA4263BDADA00EC3B30 /* libopencv_superres.4.5.2.dylib in Frameworks */ = {isa = PBXBuildFile; fileRef = 5680AD43263BDAAE00EC3B30 /* libopencv_superres.4.5.2.dylib */; };
		5680ADA5263BDADA00EC3B30 /* libopencv_xphoto.4.5.2.dylib in Frameworks */ = {isa = PBXBuildFile; fileRef = 5680AD41263BDAAE00EC3B30 /* libopencv_xphoto.4.5.2.dylib */; };
		5680ADA6263BDADA00EC3B30 /* libopencv_intensity_transform.4.5.2.dylib in Frameworks */ = {isa = PBXBuildFile; fileRef = 5680AD47263BDAAE00EC3B30 /* libopencv_intensity_transform.4.5.2.dylib */; };
		5680ADA7263BDADA00EC3B30 /* libopencv_highgui.4.5.2.dylib in Frameworks */ = {isa = PBXBuildFile; fileRef = 5680AD44263BDAAE00EC3B30 /* libopencv_highgui.4.5.2.dylib */; };
		5680ADA8263BDADA00EC3B30 /* libopencv_dpm.4.5.2.dylib in Frameworks */ = {isa = PBXBuildFile; fileRef = 5680AD42263BDAAE00EC3B30 /* libopencv_dpm.4.5.2.dylib */; };
		5680ADA9263BDADA00EC3B30 /* libopencv_quality.4.5.2.dylib in Frameworks */ = {isa = PBXBuildFile; fileRef = 5680AD35263BDAAD00EC3B30 /* libopencv_quality.4.5.2.dylib */; };
		5680ADAA263BDADA00EC3B30 /* libopencv_alphamat.4.5.2.dylib in Frameworks */ = {isa = PBXBuildFile; fileRef = 5680AD27263BDAAD00EC3B30 /* libopencv_alphamat.4.5.2.dylib */; };
		5680ADAB263BDADA00EC3B30 /* libopencv_calib3d.4.5.2.dylib in Frameworks */ = {isa = PBXBuildFile; fileRef = 5680AD37263BDAAD00EC3B30 /* libopencv_calib3d.4.5.2.dylib */; };
		5680ADAC263BDADA00EC3B30 /* libopencv_fuzzy.4.5.2.dylib in Frameworks */ = {isa = PBXBuildFile; fileRef = 5680AD3B263BDAAD00EC3B30 /* libopencv_fuzzy.4.5.2.dylib */; };
		5680ADAD263BDADA00EC3B30 /* libopencv_saliency.4.5.2.dylib in Frameworks */ = {isa = PBXBuildFile; fileRef = 5680AD57263BDAAE00EC3B30 /* libopencv_saliency.4.5.2.dylib */; };
		5680ADAE263BDADA00EC3B30 /* libopencv_imgcodecs.4.5.2.dylib in Frameworks */ = {isa = PBXBuildFile; fileRef = 5680AD4C263BDAAE00EC3B30 /* libopencv_imgcodecs.4.5.2.dylib */; };
		5680ADAF263BDADB00EC3B30 /* libopencv_rgbd.4.5.2.dylib in Frameworks */ = {isa = PBXBuildFile; fileRef = 5680AD4E263BDAAE00EC3B30 /* libopencv_rgbd.4.5.2.dylib */; };
		5680ADB0263BDADB00EC3B30 /* libopencv_flann.4.5.2.dylib in Frameworks */ = {isa = PBXBuildFile; fileRef = 5680AD51263BDAAE00EC3B30 /* libopencv_flann.4.5.2.dylib */; };
		5680ADB1263BDADB00EC3B30 /* libopencv_reg.4.5.2.dylib in Frameworks */ = {isa = PBXBuildFile; fileRef = 5680AD3E263BDAAE00EC3B30 /* libopencv_reg.4.5.2.dylib */; };
		5680ADB2263BDADB00EC3B30 /* libopencv_imgproc.4.5.2.dylib in Frameworks */ = {isa = PBXBuildFile; fileRef = 5680AD46263BDAAE00EC3B30 /* libopencv_imgproc.4.5.2.dylib */; };
		5680ADB3263BDADB00EC3B30 /* libopencv_sfm.4.5.2.dylib in Frameworks */ = {isa = PBXBuildFile; fileRef = 5680AD49263BDAAE00EC3B30 /* libopencv_sfm.4.5.2.dylib */; };
		5680ADB4263BDADB00EC3B30 /* libopencv_structured_light.4.5.2.dylib in Frameworks */ = {isa = PBXBuildFile; fileRef = 5680AD3C263BDAAD00EC3B30 /* libopencv_structured_light.4.5.2.dylib */; };
		5680ADB5263BDADB00EC3B30 /* libopencv_xfeatures2d.4.5.2.dylib in Frameworks */ = {isa = PBXBuildFile; fileRef = 5680AD56263BDAAE00EC3B30 /* libopencv_xfeatures2d.4.5.2.dylib */; };
		5680ADB6263BDADB00EC3B30 /* libopencv_stereo.4.5.2.dylib in Frameworks */ = {isa = PBXBuildFile; fileRef = 5680AD2E263BDAAD00EC3B30 /* libopencv_stereo.4.5.2.dylib */; };
		5680ADB7263BDADB00EC3B30 /* libopencv_aruco.4.5.2.dylib in Frameworks */ = {isa = PBXBuildFile; fileRef = 5680AD54263BDAAE00EC3B30 /* libopencv_aruco.4.5.2.dylib */; };
		5680ADB8263BDADB00EC3B30 /* libopencv_img_hash.4.5.2.dylib in Frameworks */ = {isa = PBXBuildFile; fileRef = 5680AD52263BDAAE00EC3B30 /* libopencv_img_hash.4.5.2.dylib */; };
		5680ADB9263BDADB00EC3B30 /* libopencv_dnn_superres.4.5.2.dylib in Frameworks */ = {isa = PBXBuildFile; fileRef = 5680AD26263BDAAD00EC3B30 /* libopencv_dnn_superres.4.5.2.dylib */; };
		5680ADBA263BDADB00EC3B30 /* libopencv_viz.4.5.2.dylib in Frameworks */ = {isa = PBXBuildFile; fileRef = 5680AD2F263BDAAD00EC3B30 /* libopencv_viz.4.5.2.dylib */; };
		5680ADBB263BDADB00EC3B30 /* libopencv_optflow.4.5.2.dylib in Frameworks */ = {isa = PBXBuildFile; fileRef = 5680AD48263BDAAE00EC3B30 /* libopencv_optflow.4.5.2.dylib */; };
		5680ADBC263BDADB00EC3B30 /* libopencv_features2d.4.5.2.dylib in Frameworks */ = {isa = PBXBuildFile; fileRef = 5680AD25263BDAAD00EC3B30 /* libopencv_features2d.4.5.2.dylib */; };
		5680ADBD263BDADC00EC3B30 /* libopencv_surface_matching.4.5.2.dylib in Frameworks */ = {isa = PBXBuildFile; fileRef = 5680AD22263BDAAD00EC3B30 /* libopencv_surface_matching.4.5.2.dylib */; };
		5680ADBE263BDADC00EC3B30 /* libopencv_tracking.4.5.2.dylib in Frameworks */ = {isa = PBXBuildFile; fileRef = 5680AD29263BDAAD00EC3B30 /* libopencv_tracking.4.5.2.dylib */; };
		5680ADBF263BDADC00EC3B30 /* libopencv_videostab.4.5.2.dylib in Frameworks */ = {isa = PBXBuildFile; fileRef = 5680AD2B263BDAAD00EC3B30 /* libopencv_videostab.4.5.2.dylib */; };
		5680ADC0263BDADC00EC3B30 /* libopencv_mcc.4.5.2.dylib in Frameworks */ = {isa = PBXBuildFile; fileRef = 5680AD40263BDAAE00EC3B30 /* libopencv_mcc.4.5.2.dylib */; };
		5680ADC1263BDADC00EC3B30 /* libopencv_gapi.4.5.2.dylib in Frameworks */ = {isa = PBXBuildFile; fileRef = 5680AD31263BDAAD00EC3B30 /* libopencv_gapi.4.5.2.dylib */; };
		5680ADC2263BDADC00EC3B30 /* libopencv_ml.4.5.2.dylib in Frameworks */ = {isa = PBXBuildFile; fileRef = 5680AD3A263BDAAD00EC3B30 /* libopencv_ml.4.5.2.dylib */; };
		5680ADC3263BDADC00EC3B30 /* libopencv_stitching.4.5.2.dylib in Frameworks */ = {isa = PBXBuildFile; fileRef = 5680AD58263BDAAE00EC3B30 /* libopencv_stitching.4.5.2.dylib */; };
		5680ADC4263BDADC00EC3B30 /* libopencv_text.4.5.2.dylib in Frameworks */ = {isa = PBXBuildFile; fileRef = 5680AD4A263BDAAE00EC3B30 /* libopencv_text.4.5.2.dylib */; };
		5680ADC5263BDADC00EC3B30 /* libopencv_bioinspired.4.5.2.dylib in Frameworks */ = {isa = PBXBuildFile; fileRef = 5680AD2A263BDAAD00EC3B30 /* libopencv_bioinspired.4.5.2.dylib */; };
		5680ADC6263BDADC00EC3B30 /* libopencv_ccalib.4.5.2.dylib in Frameworks */ = {isa = PBXBuildFile; fileRef = 5680AD39263BDAAD00EC3B30 /* libopencv_ccalib.4.5.2.dylib */; };
		5680ADC7263BDADC00EC3B30 /* libopencv_rapid.4.5.2.dylib in Frameworks */ = {isa = PBXBuildFile; fileRef = 5680AD32263BDAAD00EC3B30 /* libopencv_rapid.4.5.2.dylib */; };
		5680ADC8263BDADC00EC3B30 /* libopencv_videoio.4.5.2.dylib in Frameworks */ = {isa = PBXBuildFile; fileRef = 5680AD36263BDAAD00EC3B30 /* libopencv_videoio.4.5.2.dylib */; };
		5680ADD2263BECE500EC3B30 /* main.cpp in Sources */ = {isa = PBXBuildFile; fileRef = 5680ADD1263BECE500EC3B30 /* main.cpp */; };
		5680ADD9263BED0000EC3B30 /* libopencv_rgbd.4.5.2.dylib in Frameworks */ = {isa = PBXBuildFile; fileRef = 5680AD4E263BDAAE00EC3B30 /* libopencv_rgbd.4.5.2.dylib */; };
		5680ADDA263BED0000EC3B30 /* libopencv_freetype.4.5.2.dylib in Frameworks */ = {isa = PBXBuildFile; fileRef = 5680AD45263BDAAE00EC3B30 /* libopencv_freetype.4.5.2.dylib */; };
		5680ADDB263BED0000EC3B30 /* libopencv_wechat_qrcode.4.5.2.dylib in Frameworks */ = {isa = PBXBuildFile; fileRef = 5680AD3F263BDAAE00EC3B30 /* libopencv_wechat_qrcode.4.5.2.dylib */; };
		5680ADDC263BED0000EC3B30 /* libopencv_bioinspired.4.5.2.dylib in Frameworks */ = {isa = PBXBuildFile; fileRef = 5680AD2A263BDAAD00EC3B30 /* libopencv_bioinspired.4.5.2.dylib */; };
		5680ADDD263BED0000EC3B30 /* libopencv_fuzzy.4.5.2.dylib in Frameworks */ = {isa = PBXBuildFile; fileRef = 5680AD3B263BDAAD00EC3B30 /* libopencv_fuzzy.4.5.2.dylib */; };
		5680ADDE263BED0000EC3B30 /* libopencv_line_descriptor.4.5.2.dylib in Frameworks */ = {isa = PBXBuildFile; fileRef = 5680AD23263BDAAD00EC3B30 /* libopencv_line_descriptor.4.5.2.dylib */; };
		5680ADDF263BED0000EC3B30 /* libopencv_imgproc.4.5.2.dylib in Frameworks */ = {isa = PBXBuildFile; fileRef = 5680AD46263BDAAE00EC3B30 /* libopencv_imgproc.4.5.2.dylib */; };
		5680ADE0263BED0000EC3B30 /* libopencv_features2d.4.5.2.dylib in Frameworks */ = {isa = PBXBuildFile; fileRef = 5680AD25263BDAAD00EC3B30 /* libopencv_features2d.4.5.2.dylib */; };
		5680ADE1263BED0000EC3B30 /* libopencv_videoio.4.5.2.dylib in Frameworks */ = {isa = PBXBuildFile; fileRef = 5680AD36263BDAAD00EC3B30 /* libopencv_videoio.4.5.2.dylib */; };
		5680ADE2263BED0000EC3B30 /* libopencv_img_hash.4.5.2.dylib in Frameworks */ = {isa = PBXBuildFile; fileRef = 5680AD52263BDAAE00EC3B30 /* libopencv_img_hash.4.5.2.dylib */; };
		5680ADE3263BED0000EC3B30 /* libopencv_core.4.5.2.dylib in Frameworks */ = {isa = PBXBuildFile; fileRef = 5680AD55263BDAAE00EC3B30 /* libopencv_core.4.5.2.dylib */; };
		5680ADE4263BED0000EC3B30 /* libopencv_plot.4.5.2.dylib in Frameworks */ = {isa = PBXBuildFile; fileRef = 5680AD3D263BDAAD00EC3B30 /* libopencv_plot.4.5.2.dylib */; };
		5680ADE5263BED0000EC3B30 /* libopencv_optflow.4.5.2.dylib in Frameworks */ = {isa = PBXBuildFile; fileRef = 5680AD48263BDAAE00EC3B30 /* libopencv_optflow.4.5.2.dylib */; };
		5680ADE6263BED0000EC3B30 /* libopencv_sfm.4.5.2.dylib in Frameworks */ = {isa = PBXBuildFile; fileRef = 5680AD49263BDAAE00EC3B30 /* libopencv_sfm.4.5.2.dylib */; };
		5680ADE7263BED0000EC3B30 /* libopencv_text.4.5.2.dylib in Frameworks */ = {isa = PBXBuildFile; fileRef = 5680AD4A263BDAAE00EC3B30 /* libopencv_text.4.5.2.dylib */; };
		5680ADE8263BED0000EC3B30 /* libopencv_video.4.5.2.dylib in Frameworks */ = {isa = PBXBuildFile; fileRef = 5680AD2D263BDAAD00EC3B30 /* libopencv_video.4.5.2.dylib */; };
		5680ADE9263BED0000EC3B30 /* libopencv_viz.4.5.2.dylib in Frameworks */ = {isa = PBXBuildFile; fileRef = 5680AD2F263BDAAD00EC3B30 /* libopencv_viz.4.5.2.dylib */; };
		5680ADEA263BED0000EC3B30 /* libopencv_mcc.4.5.2.dylib in Frameworks */ = {isa = PBXBuildFile; fileRef = 5680AD40263BDAAE00EC3B30 /* libopencv_mcc.4.5.2.dylib */; };
		5680ADEB263BED0000EC3B30 /* libopencv_ml.4.5.2.dylib in Frameworks */ = {isa = PBXBuildFile; fileRef = 5680AD3A263BDAAD00EC3B30 /* libopencv_ml.4.5.2.dylib */; };
		5680ADEC263BED0000EC3B30 /* libopencv_dnn_superres.4.5.2.dylib in Frameworks */ = {isa = PBXBuildFile; fileRef = 5680AD26263BDAAD00EC3B30 /* libopencv_dnn_superres.4.5.2.dylib */; };
		5680ADED263BED0000EC3B30 /* libopencv_hfs.4.5.2.dylib in Frameworks */ = {isa = PBXBuildFile; fileRef = 5680AD2C263BDAAD00EC3B30 /* libopencv_hfs.4.5.2.dylib */; };
		5680ADEE263BED0000EC3B30 /* libopencv_xphoto.4.5.2.dylib in Frameworks */ = {isa = PBXBuildFile; fileRef = 5680AD41263BDAAE00EC3B30 /* libopencv_xphoto.4.5.2.dylib */; };
		5680ADEF263BED0000EC3B30 /* libopencv_calib3d.4.5.2.dylib in Frameworks */ = {isa = PBXBuildFile; fileRef = 5680AD37263BDAAD00EC3B30 /* libopencv_calib3d.4.5.2.dylib */; };
		5680ADF0263BED0000EC3B30 /* libopencv_imgcodecs.4.5.2.dylib in Frameworks */ = {isa = PBXBuildFile; fileRef = 5680AD4C263BDAAE00EC3B30 /* libopencv_imgcodecs.4.5.2.dylib */; };
		5680ADF1263BED0000EC3B30 /* libopencv_videostab.4.5.2.dylib in Frameworks */ = {isa = PBXBuildFile; fileRef = 5680AD2B263BDAAD00EC3B30 /* libopencv_videostab.4.5.2.dylib */; };
		5680ADF2263BED0000EC3B30 /* libopencv_xfeatures2d.4.5.2.dylib in Frameworks */ = {isa = PBXBuildFile; fileRef = 5680AD56263BDAAE00EC3B30 /* libopencv_xfeatures2d.4.5.2.dylib */; };
		5680ADF3263BED0000EC3B30 /* libopencv_rapid.4.5.2.dylib in Frameworks */ = {isa = PBXBuildFile; fileRef = 5680AD32263BDAAD00EC3B30 /* libopencv_rapid.4.5.2.dylib */; };
		5680ADF4263BED0000EC3B30 /* libopencv_bgsegm.4.5.2.dylib in Frameworks */ = {isa = PBXBuildFile; fileRef = 5680AD53263BDAAE00EC3B30 /* libopencv_bgsegm.4.5.2.dylib */; };
		5680ADF5263BED0000EC3B30 /* libopencv_dpm.4.5.2.dylib in Frameworks */ = {isa = PBXBuildFile; fileRef = 5680AD42263BDAAE00EC3B30 /* libopencv_dpm.4.5.2.dylib */; };
		5680ADF6263BED0000EC3B30 /* libopencv_shape.4.5.2.dylib in Frameworks */ = {isa = PBXBuildFile; fileRef = 5680AD50263BDAAE00EC3B30 /* libopencv_shape.4.5.2.dylib */; };
		5680ADF7263BED0000EC3B30 /* libopencv_photo.4.5.2.dylib in Frameworks */ = {isa = PBXBuildFile; fileRef = 5680AD28263BDAAD00EC3B30 /* libopencv_photo.4.5.2.dylib */; };
		5680ADF8263BED0000EC3B30 /* libopencv_structured_light.4.5.2.dylib in Frameworks */ = {isa = PBXBuildFile; fileRef = 5680AD3C263BDAAD00EC3B30 /* libopencv_structured_light.4.5.2.dylib */; };
		5680ADF9263BED0000EC3B30 /* libopencv_face.4.5.2.dylib in Frameworks */ = {isa = PBXBuildFile; fileRef = 5680AD38263BDAAD00EC3B30 /* libopencv_face.4.5.2.dylib */; };
		5680ADFA263BED0000EC3B30 /* libopencv_datasets.4.5.2.dylib in Frameworks */ = {isa = PBXBuildFile; fileRef = 5680AD30263BDAAD00EC3B30 /* libopencv_datasets.4.5.2.dylib */; };
		5680ADFB263BED0000EC3B30 /* libopencv_stitching.4.5.2.dylib in Frameworks */ = {isa = PBXBuildFile; fileRef = 5680AD58263BDAAE00EC3B30 /* libopencv_stitching.4.5.2.dylib */; };
		5680ADFC263BED0000EC3B30 /* libopencv_alphamat.4.5.2.dylib in Frameworks */ = {isa = PBXBuildFile; fileRef = 5680AD27263BDAAD00EC3B30 /* libopencv_alphamat.4.5.2.dylib */; };
		5680ADFD263BED0000EC3B30 /* libopencv_dnn.4.5.2.dylib in Frameworks */ = {isa = PBXBuildFile; fileRef = 5680AD4D263BDAAE00EC3B30 /* libopencv_dnn.4.5.2.dylib */; };
		5680ADFE263BED0000EC3B30 /* libopencv_saliency.4.5.2.dylib in Frameworks */ = {isa = PBXBuildFile; fileRef = 5680AD57263BDAAE00EC3B30 /* libopencv_saliency.4.5.2.dylib */; };
		5680ADFF263BED0000EC3B30 /* libopencv_objdetect.4.5.2.dylib in Frameworks */ = {isa = PBXBuildFile; fileRef = 5680AD4B263BDAAE00EC3B30 /* libopencv_objdetect.4.5.2.dylib */; };
		5680AE00263BED0000EC3B30 /* libopencv_gapi.4.5.2.dylib in Frameworks */ = {isa = PBXBuildFile; fileRef = 5680AD31263BDAAD00EC3B30 /* libopencv_gapi.4.5.2.dylib */; };
		5680AE01263BED0000EC3B30 /* libopencv_aruco.4.5.2.dylib in Frameworks */ = {isa = PBXBuildFile; fileRef = 5680AD54263BDAAE00EC3B30 /* libopencv_aruco.4.5.2.dylib */; };
		5680AE02263BED0000EC3B30 /* libopencv_stereo.4.5.2.dylib in Frameworks */ = {isa = PBXBuildFile; fileRef = 5680AD2E263BDAAD00EC3B30 /* libopencv_stereo.4.5.2.dylib */; };
		5680AE03263BED0000EC3B30 /* libopencv_superres.4.5.2.dylib in Frameworks */ = {isa = PBXBuildFile; fileRef = 5680AD43263BDAAE00EC3B30 /* libopencv_superres.4.5.2.dylib */; };
		5680AE04263BED0000EC3B30 /* libopencv_ximgproc.4.5.2.dylib in Frameworks */ = {isa = PBXBuildFile; fileRef = 5680AD34263BDAAD00EC3B30 /* libopencv_ximgproc.4.5.2.dylib */; };
		5680AE05263BED0000EC3B30 /* libopencv_tracking.4.5.2.dylib in Frameworks */ = {isa = PBXBuildFile; fileRef = 5680AD29263BDAAD00EC3B30 /* libopencv_tracking.4.5.2.dylib */; };
		5680AE06263BED0000EC3B30 /* libopencv_surface_matching.4.5.2.dylib in Frameworks */ = {isa = PBXBuildFile; fileRef = 5680AD22263BDAAD00EC3B30 /* libopencv_surface_matching.4.5.2.dylib */; };
		5680AE07263BED0000EC3B30 /* libopencv_ccalib.4.5.2.dylib in Frameworks */ = {isa = PBXBuildFile; fileRef = 5680AD39263BDAAD00EC3B30 /* libopencv_ccalib.4.5.2.dylib */; };
		5680AE08263BED0000EC3B30 /* libopencv_dnn_objdetect.4.5.2.dylib in Frameworks */ = {isa = PBXBuildFile; fileRef = 5680AD33263BDAAD00EC3B30 /* libopencv_dnn_objdetect.4.5.2.dylib */; };
		5680AE09263BED0000EC3B30 /* libopencv_quality.4.5.2.dylib in Frameworks */ = {isa = PBXBuildFile; fileRef = 5680AD35263BDAAD00EC3B30 /* libopencv_quality.4.5.2.dylib */; };
		5680AE0A263BED0000EC3B30 /* libopencv_reg.4.5.2.dylib in Frameworks */ = {isa = PBXBuildFile; fileRef = 5680AD3E263BDAAE00EC3B30 /* libopencv_reg.4.5.2.dylib */; };
		5680AE0B263BED0000EC3B30 /* libopencv_xobjdetect.4.5.2.dylib in Frameworks */ = {isa = PBXBuildFile; fileRef = 5680AD4F263BDAAE00EC3B30 /* libopencv_xobjdetect.4.5.2.dylib */; };
		5680AE0C263BED0000EC3B30 /* libopencv_flann.4.5.2.dylib in Frameworks */ = {isa = PBXBuildFile; fileRef = 5680AD51263BDAAE00EC3B30 /* libopencv_flann.4.5.2.dylib */; };
		5680AE0D263BED0000EC3B30 /* libopencv_intensity_transform.4.5.2.dylib in Frameworks */ = {isa = PBXBuildFile; fileRef = 5680AD47263BDAAE00EC3B30 /* libopencv_intensity_transform.4.5.2.dylib */; };
		5680AE0E263BED0000EC3B30 /* libopencv_highgui.4.5.2.dylib in Frameworks */ = {isa = PBXBuildFile; fileRef = 5680AD44263BDAAE00EC3B30 /* libopencv_highgui.4.5.2.dylib */; };
		5680AE0F263BED0000EC3B30 /* libopencv_phase_unwrapping.4.5.2.dylib in Frameworks */ = {isa = PBXBuildFile; fileRef = 5680AD24263BDAAD00EC3B30 /* libopencv_phase_unwrapping.4.5.2.dylib */; };
/* End PBXBuildFile section */

/* Begin PBXCopyFilesBuildPhase section */
		566A31FF263AA1E6001E8D28 /* CopyFiles */ = {
			isa = PBXCopyFilesBuildPhase;
			buildActionMask = 2147483647;
			dstPath = /usr/share/man/man1/;
			dstSubfolderSpec = 0;
			files = (
			);
			runOnlyForDeploymentPostprocessing = 1;
		};
		5680A90B263BA66100EC3B30 /* Copy Files */ = {
			isa = PBXCopyFilesBuildPhase;
			buildActionMask = 2147483647;
			dstPath = /usr/share/man/man1/;
			dstSubfolderSpec = 0;
			files = (
			);
			name = "Copy Files";
			runOnlyForDeploymentPostprocessing = 1;
		};
		5680ADCD263BECE500EC3B30 /* CopyFiles */ = {
			isa = PBXCopyFilesBuildPhase;
			buildActionMask = 2147483647;
			dstPath = /usr/share/man/man1/;
			dstSubfolderSpec = 0;
			files = (
			);
			runOnlyForDeploymentPostprocessing = 1;
		};
/* End PBXCopyFilesBuildPhase section */

/* Begin PBXFileReference section */
		566A3201263AA1E6001E8D28 /* image_processing */ = {isa = PBXFileReference; explicitFileType = "compiled.mach-o.executable"; includeInIndex = 0; path = image_processing; sourceTree = BUILT_PRODUCTS_DIR; };
		566A3204263AA1E6001E8D28 /* main.cpp */ = {isa = PBXFileReference; lastKnownFileType = sourcecode.cpp.cpp; path = main.cpp; sourceTree = "<group>"; };
		566A320D263AA228001E8D28 /* libopencv_core.dylib */ = {isa = PBXFileReference; lastKnownFileType = "compiled.mach-o.dylib"; name = libopencv_core.dylib; path = ../../../../../usr/local/Cellar/opencv/4.5.2/lib/libopencv_core.dylib; sourceTree = "<group>"; };
		566A320F263AA25B001E8D28 /* libopencv_highgui.dylib */ = {isa = PBXFileReference; lastKnownFileType = "compiled.mach-o.dylib"; name = libopencv_highgui.dylib; path = ../../../../../usr/local/Cellar/opencv/4.5.2/lib/libopencv_highgui.dylib; sourceTree = "<group>"; };
		566A3212263AA38E001E8D28 /* libopencv_imgcodecs.dylib */ = {isa = PBXFileReference; lastKnownFileType = "compiled.mach-o.dylib"; name = libopencv_imgcodecs.dylib; path = ../../../../../usr/local/Cellar/opencv/4.5.2/lib/libopencv_imgcodecs.dylib; sourceTree = "<group>"; };
		5680A8A1263B965500EC3B30 /* libopencv_line_descriptor.dylib */ = {isa = PBXFileReference; lastKnownFileType = "compiled.mach-o.dylib"; name = libopencv_line_descriptor.dylib; path = ../../../../../usr/local/Cellar/opencv/4.5.2/lib/libopencv_line_descriptor.dylib; sourceTree = "<group>"; };
		5680A8A4263B978600EC3B30 /* libopencv_shape.dylib */ = {isa = PBXFileReference; lastKnownFileType = "compiled.mach-o.dylib"; name = libopencv_shape.dylib; path = ../../../../../usr/local/Cellar/opencv/4.5.2/lib/libopencv_shape.dylib; sourceTree = "<group>"; };
		5680A8A7263B97EB00EC3B30 /* libopencv_xfeatures2d.dylib */ = {isa = PBXFileReference; lastKnownFileType = "compiled.mach-o.dylib"; name = libopencv_xfeatures2d.dylib; path = ../../../../../usr/local/Cellar/opencv/4.5.2/lib/libopencv_xfeatures2d.dylib; sourceTree = "<group>"; };
		5680A8A8263B97EB00EC3B30 /* libopencv_tracking.dylib */ = {isa = PBXFileReference; lastKnownFileType = "compiled.mach-o.dylib"; name = libopencv_tracking.dylib; path = ../../../../../usr/local/Cellar/opencv/4.5.2/lib/libopencv_tracking.dylib; sourceTree = "<group>"; };
		5680A8A9263B97EB00EC3B30 /* libopencv_fuzzy.dylib */ = {isa = PBXFileReference; lastKnownFileType = "compiled.mach-o.dylib"; name = libopencv_fuzzy.dylib; path = ../../../../../usr/local/Cellar/opencv/4.5.2/lib/libopencv_fuzzy.dylib; sourceTree = "<group>"; };
		5680A8AA263B97EB00EC3B30 /* libopencv_img_hash.dylib */ = {isa = PBXFileReference; lastKnownFileType = "compiled.mach-o.dylib"; name = libopencv_img_hash.dylib; path = ../../../../../usr/local/Cellar/opencv/4.5.2/lib/libopencv_img_hash.dylib; sourceTree = "<group>"; };
		5680A8AB263B97EB00EC3B30 /* libopencv_gapi.dylib */ = {isa = PBXFileReference; lastKnownFileType = "compiled.mach-o.dylib"; name = libopencv_gapi.dylib; path = ../../../../../usr/local/Cellar/opencv/4.5.2/lib/libopencv_gapi.dylib; sourceTree = "<group>"; };
		5680A8AC263B97EB00EC3B30 /* libopencv_reg.dylib */ = {isa = PBXFileReference; lastKnownFileType = "compiled.mach-o.dylib"; name = libopencv_reg.dylib; path = ../../../../../usr/local/Cellar/opencv/4.5.2/lib/libopencv_reg.dylib; sourceTree = "<group>"; };
		5680A8AD263B97EB00EC3B30 /* libopencv_superres.dylib */ = {isa = PBXFileReference; lastKnownFileType = "compiled.mach-o.dylib"; name = libopencv_superres.dylib; path = ../../../../../usr/local/Cellar/opencv/4.5.2/lib/libopencv_superres.dylib; sourceTree = "<group>"; };
		5680A8AE263B97EB00EC3B30 /* libopencv_photo.dylib */ = {isa = PBXFileReference; lastKnownFileType = "compiled.mach-o.dylib"; name = libopencv_photo.dylib; path = ../../../../../usr/local/Cellar/opencv/4.5.2/lib/libopencv_photo.dylib; sourceTree = "<group>"; };
		5680A8AF263B97EB00EC3B30 /* libopencv_dnn_superres.dylib */ = {isa = PBXFileReference; lastKnownFileType = "compiled.mach-o.dylib"; name = libopencv_dnn_superres.dylib; path = ../../../../../usr/local/Cellar/opencv/4.5.2/lib/libopencv_dnn_superres.dylib; sourceTree = "<group>"; };
		5680A8B0263B97EB00EC3B30 /* libopencv_xobjdetect.dylib */ = {isa = PBXFileReference; lastKnownFileType = "compiled.mach-o.dylib"; name = libopencv_xobjdetect.dylib; path = ../../../../../usr/local/Cellar/opencv/4.5.2/lib/libopencv_xobjdetect.dylib; sourceTree = "<group>"; };
		5680A8B1263B97EB00EC3B30 /* libopencv_videoio.dylib */ = {isa = PBXFileReference; lastKnownFileType = "compiled.mach-o.dylib"; name = libopencv_videoio.dylib; path = ../../../../../usr/local/Cellar/opencv/4.5.2/lib/libopencv_videoio.dylib; sourceTree = "<group>"; };
		5680A8B2263B97EB00EC3B30 /* libopencv_dnn.dylib */ = {isa = PBXFileReference; lastKnownFileType = "compiled.mach-o.dylib"; name = libopencv_dnn.dylib; path = ../../../../../usr/local/Cellar/opencv/4.5.2/lib/libopencv_dnn.dylib; sourceTree = "<group>"; };
		5680A8B3263B97EB00EC3B30 /* libopencv_flann.dylib */ = {isa = PBXFileReference; lastKnownFileType = "compiled.mach-o.dylib"; name = libopencv_flann.dylib; path = ../../../../../usr/local/Cellar/opencv/4.5.2/lib/libopencv_flann.dylib; sourceTree = "<group>"; };
		5680A8B4263B97EB00EC3B30 /* libopencv_quality.dylib */ = {isa = PBXFileReference; lastKnownFileType = "compiled.mach-o.dylib"; name = libopencv_quality.dylib; path = ../../../../../usr/local/Cellar/opencv/4.5.2/lib/libopencv_quality.dylib; sourceTree = "<group>"; };
		5680A8B5263B97EB00EC3B30 /* libopencv_video.dylib */ = {isa = PBXFileReference; lastKnownFileType = "compiled.mach-o.dylib"; name = libopencv_video.dylib; path = ../../../../../usr/local/Cellar/opencv/4.5.2/lib/libopencv_video.dylib; sourceTree = "<group>"; };
		5680A8B6263B97EB00EC3B30 /* libopencv_videostab.dylib */ = {isa = PBXFileReference; lastKnownFileType = "compiled.mach-o.dylib"; name = libopencv_videostab.dylib; path = ../../../../../usr/local/Cellar/opencv/4.5.2/lib/libopencv_videostab.dylib; sourceTree = "<group>"; };
		5680A8B7263B97EB00EC3B30 /* libopencv_bioinspired.dylib */ = {isa = PBXFileReference; lastKnownFileType = "compiled.mach-o.dylib"; name = libopencv_bioinspired.dylib; path = ../../../../../usr/local/Cellar/opencv/4.5.2/lib/libopencv_bioinspired.dylib; sourceTree = "<group>"; };
		5680A8B8263B97EB00EC3B30 /* libopencv_phase_unwrapping.dylib */ = {isa = PBXFileReference; lastKnownFileType = "compiled.mach-o.dylib"; name = libopencv_phase_unwrapping.dylib; path = ../../../../../usr/local/Cellar/opencv/4.5.2/lib/libopencv_phase_unwrapping.dylib; sourceTree = "<group>"; };
		5680A8B9263B97EB00EC3B30 /* libopencv_surface_matching.dylib */ = {isa = PBXFileReference; lastKnownFileType = "compiled.mach-o.dylib"; name = libopencv_surface_matching.dylib; path = ../../../../../usr/local/Cellar/opencv/4.5.2/lib/libopencv_surface_matching.dylib; sourceTree = "<group>"; };
		5680A8BA263B97EB00EC3B30 /* libopencv_stereo.dylib */ = {isa = PBXFileReference; lastKnownFileType = "compiled.mach-o.dylib"; name = libopencv_stereo.dylib; path = ../../../../../usr/local/Cellar/opencv/4.5.2/lib/libopencv_stereo.dylib; sourceTree = "<group>"; };
		5680A8BB263B97EB00EC3B30 /* libopencv_structured_light.dylib */ = {isa = PBXFileReference; lastKnownFileType = "compiled.mach-o.dylib"; name = libopencv_structured_light.dylib; path = ../../../../../usr/local/Cellar/opencv/4.5.2/lib/libopencv_structured_light.dylib; sourceTree = "<group>"; };
		5680A8BC263B97EB00EC3B30 /* libopencv_features2d.dylib */ = {isa = PBXFileReference; lastKnownFileType = "compiled.mach-o.dylib"; name = libopencv_features2d.dylib; path = ../../../../../usr/local/Cellar/opencv/4.5.2/lib/libopencv_features2d.dylib; sourceTree = "<group>"; };
		5680A8BD263B97EB00EC3B30 /* libopencv_datasets.dylib */ = {isa = PBXFileReference; lastKnownFileType = "compiled.mach-o.dylib"; name = libopencv_datasets.dylib; path = ../../../../../usr/local/Cellar/opencv/4.5.2/lib/libopencv_datasets.dylib; sourceTree = "<group>"; };
		5680A8BE263B97EB00EC3B30 /* libopencv_bgsegm.dylib */ = {isa = PBXFileReference; lastKnownFileType = "compiled.mach-o.dylib"; name = libopencv_bgsegm.dylib; path = ../../../../../usr/local/Cellar/opencv/4.5.2/lib/libopencv_bgsegm.dylib; sourceTree = "<group>"; };
		5680A8BF263B97EB00EC3B30 /* libopencv_xphoto.dylib */ = {isa = PBXFileReference; lastKnownFileType = "compiled.mach-o.dylib"; name = libopencv_xphoto.dylib; path = ../../../../../usr/local/Cellar/opencv/4.5.2/lib/libopencv_xphoto.dylib; sourceTree = "<group>"; };
		5680A8C0263B97EB00EC3B30 /* libopencv_ccalib.dylib */ = {isa = PBXFileReference; lastKnownFileType = "compiled.mach-o.dylib"; name = libopencv_ccalib.dylib; path = ../../../../../usr/local/Cellar/opencv/4.5.2/lib/libopencv_ccalib.dylib; sourceTree = "<group>"; };
		5680A8C1263B97EB00EC3B30 /* libopencv_intensity_transform.dylib */ = {isa = PBXFileReference; lastKnownFileType = "compiled.mach-o.dylib"; name = libopencv_intensity_transform.dylib; path = ../../../../../usr/local/Cellar/opencv/4.5.2/lib/libopencv_intensity_transform.dylib; sourceTree = "<group>"; };
		5680A8C2263B97EB00EC3B30 /* libopencv_plot.dylib */ = {isa = PBXFileReference; lastKnownFileType = "compiled.mach-o.dylib"; name = libopencv_plot.dylib; path = ../../../../../usr/local/Cellar/opencv/4.5.2/lib/libopencv_plot.dylib; sourceTree = "<group>"; };
		5680A8C3263B97EB00EC3B30 /* libopencv_objdetect.dylib */ = {isa = PBXFileReference; lastKnownFileType = "compiled.mach-o.dylib"; name = libopencv_objdetect.dylib; path = ../../../../../usr/local/Cellar/opencv/4.5.2/lib/libopencv_objdetect.dylib; sourceTree = "<group>"; };
		5680A8C4263B97EB00EC3B30 /* libopencv_rgbd.dylib */ = {isa = PBXFileReference; lastKnownFileType = "compiled.mach-o.dylib"; name = libopencv_rgbd.dylib; path = ../../../../../usr/local/Cellar/opencv/4.5.2/lib/libopencv_rgbd.dylib; sourceTree = "<group>"; };
		5680A8C5263B97EB00EC3B30 /* libopencv_stitching.dylib */ = {isa = PBXFileReference; lastKnownFileType = "compiled.mach-o.dylib"; name = libopencv_stitching.dylib; path = ../../../../../usr/local/Cellar/opencv/4.5.2/lib/libopencv_stitching.dylib; sourceTree = "<group>"; };
		5680A8C6263B97EB00EC3B30 /* libopencv_ximgproc.dylib */ = {isa = PBXFileReference; lastKnownFileType = "compiled.mach-o.dylib"; name = libopencv_ximgproc.dylib; path = ../../../../../usr/local/Cellar/opencv/4.5.2/lib/libopencv_ximgproc.dylib; sourceTree = "<group>"; };
		5680A8C7263B97EB00EC3B30 /* libopencv_aruco.dylib */ = {isa = PBXFileReference; lastKnownFileType = "compiled.mach-o.dylib"; name = libopencv_aruco.dylib; path = ../../../../../usr/local/Cellar/opencv/4.5.2/lib/libopencv_aruco.dylib; sourceTree = "<group>"; };
		5680A8C8263B97EB00EC3B30 /* libopencv_alphamat.dylib */ = {isa = PBXFileReference; lastKnownFileType = "compiled.mach-o.dylib"; name = libopencv_alphamat.dylib; path = ../../../../../usr/local/Cellar/opencv/4.5.2/lib/libopencv_alphamat.dylib; sourceTree = "<group>"; };
		5680A8C9263B97EB00EC3B30 /* libopencv_dnn_objdetect.dylib */ = {isa = PBXFileReference; lastKnownFileType = "compiled.mach-o.dylib"; name = libopencv_dnn_objdetect.dylib; path = ../../../../../usr/local/Cellar/opencv/4.5.2/lib/libopencv_dnn_objdetect.dylib; sourceTree = "<group>"; };
		5680A8CA263B97EB00EC3B30 /* libopencv_dpm.dylib */ = {isa = PBXFileReference; lastKnownFileType = "compiled.mach-o.dylib"; name = libopencv_dpm.dylib; path = ../../../../../usr/local/Cellar/opencv/4.5.2/lib/libopencv_dpm.dylib; sourceTree = "<group>"; };
		5680A8CB263B97EB00EC3B30 /* libopencv_mcc.dylib */ = {isa = PBXFileReference; lastKnownFileType = "compiled.mach-o.dylib"; name = libopencv_mcc.dylib; path = ../../../../../usr/local/Cellar/opencv/4.5.2/lib/libopencv_mcc.dylib; sourceTree = "<group>"; };
		5680A8CC263B97EB00EC3B30 /* libopencv_saliency.dylib */ = {isa = PBXFileReference; lastKnownFileType = "compiled.mach-o.dylib"; name = libopencv_saliency.dylib; path = ../../../../../usr/local/Cellar/opencv/4.5.2/lib/libopencv_saliency.dylib; sourceTree = "<group>"; };
		5680A8CD263B97EB00EC3B30 /* libopencv_text.dylib */ = {isa = PBXFileReference; lastKnownFileType = "compiled.mach-o.dylib"; name = libopencv_text.dylib; path = ../../../../../usr/local/Cellar/opencv/4.5.2/lib/libopencv_text.dylib; sourceTree = "<group>"; };
		5680A8CE263B97EB00EC3B30 /* libopencv_freetype.dylib */ = {isa = PBXFileReference; lastKnownFileType = "compiled.mach-o.dylib"; name = libopencv_freetype.dylib; path = ../../../../../usr/local/Cellar/opencv/4.5.2/lib/libopencv_freetype.dylib; sourceTree = "<group>"; };
		5680A8CF263B97EB00EC3B30 /* libopencv_hfs.dylib */ = {isa = PBXFileReference; lastKnownFileType = "compiled.mach-o.dylib"; name = libopencv_hfs.dylib; path = ../../../../../usr/local/Cellar/opencv/4.5.2/lib/libopencv_hfs.dylib; sourceTree = "<group>"; };
		5680A8D0263B97EB00EC3B30 /* libopencv_rapid.dylib */ = {isa = PBXFileReference; lastKnownFileType = "compiled.mach-o.dylib"; name = libopencv_rapid.dylib; path = ../../../../../usr/local/Cellar/opencv/4.5.2/lib/libopencv_rapid.dylib; sourceTree = "<group>"; };
		5680A8D1263B97EB00EC3B30 /* libopencv_optflow.dylib */ = {isa = PBXFileReference; lastKnownFileType = "compiled.mach-o.dylib"; name = libopencv_optflow.dylib; path = ../../../../../usr/local/Cellar/opencv/4.5.2/lib/libopencv_optflow.dylib; sourceTree = "<group>"; };
		5680A8D2263B97EB00EC3B30 /* libopencv_imgproc.dylib */ = {isa = PBXFileReference; lastKnownFileType = "compiled.mach-o.dylib"; name = libopencv_imgproc.dylib; path = ../../../../../usr/local/Cellar/opencv/4.5.2/lib/libopencv_imgproc.dylib; sourceTree = "<group>"; };
		5680A8D3263B97EB00EC3B30 /* libopencv_calib3d.dylib */ = {isa = PBXFileReference; lastKnownFileType = "compiled.mach-o.dylib"; name = libopencv_calib3d.dylib; path = ../../../../../usr/local/Cellar/opencv/4.5.2/lib/libopencv_calib3d.dylib; sourceTree = "<group>"; };
		5680A8D4263B97EB00EC3B30 /* libopencv_sfm.dylib */ = {isa = PBXFileReference; lastKnownFileType = "compiled.mach-o.dylib"; name = libopencv_sfm.dylib; path = ../../../../../usr/local/Cellar/opencv/4.5.2/lib/libopencv_sfm.dylib; sourceTree = "<group>"; };
		5680A8D5263B97EB00EC3B30 /* libopencv_viz.dylib */ = {isa = PBXFileReference; lastKnownFileType = "compiled.mach-o.dylib"; name = libopencv_viz.dylib; path = ../../../../../usr/local/Cellar/opencv/4.5.2/lib/libopencv_viz.dylib; sourceTree = "<group>"; };
		5680A90D263BA66100EC3B30 /* random_generator_and_text */ = {isa = PBXFileReference; explicitFileType = "compiled.mach-o.executable"; includeInIndex = 0; path = random_generator_and_text; sourceTree = BUILT_PRODUCTS_DIR; };
		5680A90F263BA66100EC3B30 /* main.cpp */ = {isa = PBXFileReference; lastKnownFileType = sourcecode.cpp.cpp; path = main.cpp; sourceTree = "<group>"; };
		5680AD22263BDAAD00EC3B30 /* libopencv_surface_matching.4.5.2.dylib */ = {isa = PBXFileReference; lastKnownFileType = "compiled.mach-o.dylib"; name = libopencv_surface_matching.4.5.2.dylib; path = ../../../../../../usr/local/Cellar/opencv/4.5.2/lib/libopencv_surface_matching.4.5.2.dylib; sourceTree = "<group>"; };
		5680AD23263BDAAD00EC3B30 /* libopencv_line_descriptor.4.5.2.dylib */ = {isa = PBXFileReference; lastKnownFileType = "compiled.mach-o.dylib"; name = libopencv_line_descriptor.4.5.2.dylib; path = ../../../../../../usr/local/Cellar/opencv/4.5.2/lib/libopencv_line_descriptor.4.5.2.dylib; sourceTree = "<group>"; };
		5680AD24263BDAAD00EC3B30 /* libopencv_phase_unwrapping.4.5.2.dylib */ = {isa = PBXFileReference; lastKnownFileType = "compiled.mach-o.dylib"; name = libopencv_phase_unwrapping.4.5.2.dylib; path = ../../../../../../usr/local/Cellar/opencv/4.5.2/lib/libopencv_phase_unwrapping.4.5.2.dylib; sourceTree = "<group>"; };
		5680AD25263BDAAD00EC3B30 /* libopencv_features2d.4.5.2.dylib */ = {isa = PBXFileReference; lastKnownFileType = "compiled.mach-o.dylib"; name = libopencv_features2d.4.5.2.dylib; path = ../../../../../../usr/local/Cellar/opencv/4.5.2/lib/libopencv_features2d.4.5.2.dylib; sourceTree = "<group>"; };
		5680AD26263BDAAD00EC3B30 /* libopencv_dnn_superres.4.5.2.dylib */ = {isa = PBXFileReference; lastKnownFileType = "compiled.mach-o.dylib"; name = libopencv_dnn_superres.4.5.2.dylib; path = ../../../../../../usr/local/Cellar/opencv/4.5.2/lib/libopencv_dnn_superres.4.5.2.dylib; sourceTree = "<group>"; };
		5680AD27263BDAAD00EC3B30 /* libopencv_alphamat.4.5.2.dylib */ = {isa = PBXFileReference; lastKnownFileType = "compiled.mach-o.dylib"; name = libopencv_alphamat.4.5.2.dylib; path = ../../../../../../usr/local/Cellar/opencv/4.5.2/lib/libopencv_alphamat.4.5.2.dylib; sourceTree = "<group>"; };
		5680AD28263BDAAD00EC3B30 /* libopencv_photo.4.5.2.dylib */ = {isa = PBXFileReference; lastKnownFileType = "compiled.mach-o.dylib"; name = libopencv_photo.4.5.2.dylib; path = ../../../../../../usr/local/Cellar/opencv/4.5.2/lib/libopencv_photo.4.5.2.dylib; sourceTree = "<group>"; };
		5680AD29263BDAAD00EC3B30 /* libopencv_tracking.4.5.2.dylib */ = {isa = PBXFileReference; lastKnownFileType = "compiled.mach-o.dylib"; name = libopencv_tracking.4.5.2.dylib; path = ../../../../../../usr/local/Cellar/opencv/4.5.2/lib/libopencv_tracking.4.5.2.dylib; sourceTree = "<group>"; };
		5680AD2A263BDAAD00EC3B30 /* libopencv_bioinspired.4.5.2.dylib */ = {isa = PBXFileReference; lastKnownFileType = "compiled.mach-o.dylib"; name = libopencv_bioinspired.4.5.2.dylib; path = ../../../../../../usr/local/Cellar/opencv/4.5.2/lib/libopencv_bioinspired.4.5.2.dylib; sourceTree = "<group>"; };
		5680AD2B263BDAAD00EC3B30 /* libopencv_videostab.4.5.2.dylib */ = {isa = PBXFileReference; lastKnownFileType = "compiled.mach-o.dylib"; name = libopencv_videostab.4.5.2.dylib; path = ../../../../../../usr/local/Cellar/opencv/4.5.2/lib/libopencv_videostab.4.5.2.dylib; sourceTree = "<group>"; };
		5680AD2C263BDAAD00EC3B30 /* libopencv_hfs.4.5.2.dylib */ = {isa = PBXFileReference; lastKnownFileType = "compiled.mach-o.dylib"; name = libopencv_hfs.4.5.2.dylib; path = ../../../../../../usr/local/Cellar/opencv/4.5.2/lib/libopencv_hfs.4.5.2.dylib; sourceTree = "<group>"; };
		5680AD2D263BDAAD00EC3B30 /* libopencv_video.4.5.2.dylib */ = {isa = PBXFileReference; lastKnownFileType = "compiled.mach-o.dylib"; name = libopencv_video.4.5.2.dylib; path = ../../../../../../usr/local/Cellar/opencv/4.5.2/lib/libopencv_video.4.5.2.dylib; sourceTree = "<group>"; };
		5680AD2E263BDAAD00EC3B30 /* libopencv_stereo.4.5.2.dylib */ = {isa = PBXFileReference; lastKnownFileType = "compiled.mach-o.dylib"; name = libopencv_stereo.4.5.2.dylib; path = ../../../../../../usr/local/Cellar/opencv/4.5.2/lib/libopencv_stereo.4.5.2.dylib; sourceTree = "<group>"; };
		5680AD2F263BDAAD00EC3B30 /* libopencv_viz.4.5.2.dylib */ = {isa = PBXFileReference; lastKnownFileType = "compiled.mach-o.dylib"; name = libopencv_viz.4.5.2.dylib; path = ../../../../../../usr/local/Cellar/opencv/4.5.2/lib/libopencv_viz.4.5.2.dylib; sourceTree = "<group>"; };
		5680AD30263BDAAD00EC3B30 /* libopencv_datasets.4.5.2.dylib */ = {isa = PBXFileReference; lastKnownFileType = "compiled.mach-o.dylib"; name = libopencv_datasets.4.5.2.dylib; path = ../../../../../../usr/local/Cellar/opencv/4.5.2/lib/libopencv_datasets.4.5.2.dylib; sourceTree = "<group>"; };
		5680AD31263BDAAD00EC3B30 /* libopencv_gapi.4.5.2.dylib */ = {isa = PBXFileReference; lastKnownFileType = "compiled.mach-o.dylib"; name = libopencv_gapi.4.5.2.dylib; path = ../../../../../../usr/local/Cellar/opencv/4.5.2/lib/libopencv_gapi.4.5.2.dylib; sourceTree = "<group>"; };
		5680AD32263BDAAD00EC3B30 /* libopencv_rapid.4.5.2.dylib */ = {isa = PBXFileReference; lastKnownFileType = "compiled.mach-o.dylib"; name = libopencv_rapid.4.5.2.dylib; path = ../../../../../../usr/local/Cellar/opencv/4.5.2/lib/libopencv_rapid.4.5.2.dylib; sourceTree = "<group>"; };
		5680AD33263BDAAD00EC3B30 /* libopencv_dnn_objdetect.4.5.2.dylib */ = {isa = PBXFileReference; lastKnownFileType = "compiled.mach-o.dylib"; name = libopencv_dnn_objdetect.4.5.2.dylib; path = ../../../../../../usr/local/Cellar/opencv/4.5.2/lib/libopencv_dnn_objdetect.4.5.2.dylib; sourceTree = "<group>"; };
		5680AD34263BDAAD00EC3B30 /* libopencv_ximgproc.4.5.2.dylib */ = {isa = PBXFileReference; lastKnownFileType = "compiled.mach-o.dylib"; name = libopencv_ximgproc.4.5.2.dylib; path = ../../../../../../usr/local/Cellar/opencv/4.5.2/lib/libopencv_ximgproc.4.5.2.dylib; sourceTree = "<group>"; };
		5680AD35263BDAAD00EC3B30 /* libopencv_quality.4.5.2.dylib */ = {isa = PBXFileReference; lastKnownFileType = "compiled.mach-o.dylib"; name = libopencv_quality.4.5.2.dylib; path = ../../../../../../usr/local/Cellar/opencv/4.5.2/lib/libopencv_quality.4.5.2.dylib; sourceTree = "<group>"; };
		5680AD36263BDAAD00EC3B30 /* libopencv_videoio.4.5.2.dylib */ = {isa = PBXFileReference; lastKnownFileType = "compiled.mach-o.dylib"; name = libopencv_videoio.4.5.2.dylib; path = ../../../../../../usr/local/Cellar/opencv/4.5.2/lib/libopencv_videoio.4.5.2.dylib; sourceTree = "<group>"; };
		5680AD37263BDAAD00EC3B30 /* libopencv_calib3d.4.5.2.dylib */ = {isa = PBXFileReference; lastKnownFileType = "compiled.mach-o.dylib"; name = libopencv_calib3d.4.5.2.dylib; path = ../../../../../../usr/local/Cellar/opencv/4.5.2/lib/libopencv_calib3d.4.5.2.dylib; sourceTree = "<group>"; };
		5680AD38263BDAAD00EC3B30 /* libopencv_face.4.5.2.dylib */ = {isa = PBXFileReference; lastKnownFileType = "compiled.mach-o.dylib"; name = libopencv_face.4.5.2.dylib; path = ../../../../../../usr/local/Cellar/opencv/4.5.2/lib/libopencv_face.4.5.2.dylib; sourceTree = "<group>"; };
		5680AD39263BDAAD00EC3B30 /* libopencv_ccalib.4.5.2.dylib */ = {isa = PBXFileReference; lastKnownFileType = "compiled.mach-o.dylib"; name = libopencv_ccalib.4.5.2.dylib; path = ../../../../../../usr/local/Cellar/opencv/4.5.2/lib/libopencv_ccalib.4.5.2.dylib; sourceTree = "<group>"; };
		5680AD3A263BDAAD00EC3B30 /* libopencv_ml.4.5.2.dylib */ = {isa = PBXFileReference; lastKnownFileType = "compiled.mach-o.dylib"; name = libopencv_ml.4.5.2.dylib; path = ../../../../../../usr/local/Cellar/opencv/4.5.2/lib/libopencv_ml.4.5.2.dylib; sourceTree = "<group>"; };
		5680AD3B263BDAAD00EC3B30 /* libopencv_fuzzy.4.5.2.dylib */ = {isa = PBXFileReference; lastKnownFileType = "compiled.mach-o.dylib"; name = libopencv_fuzzy.4.5.2.dylib; path = ../../../../../../usr/local/Cellar/opencv/4.5.2/lib/libopencv_fuzzy.4.5.2.dylib; sourceTree = "<group>"; };
		5680AD3C263BDAAD00EC3B30 /* libopencv_structured_light.4.5.2.dylib */ = {isa = PBXFileReference; lastKnownFileType = "compiled.mach-o.dylib"; name = libopencv_structured_light.4.5.2.dylib; path = ../../../../../../usr/local/Cellar/opencv/4.5.2/lib/libopencv_structured_light.4.5.2.dylib; sourceTree = "<group>"; };
		5680AD3D263BDAAD00EC3B30 /* libopencv_plot.4.5.2.dylib */ = {isa = PBXFileReference; lastKnownFileType = "compiled.mach-o.dylib"; name = libopencv_plot.4.5.2.dylib; path = ../../../../../../usr/local/Cellar/opencv/4.5.2/lib/libopencv_plot.4.5.2.dylib; sourceTree = "<group>"; };
		5680AD3E263BDAAE00EC3B30 /* libopencv_reg.4.5.2.dylib */ = {isa = PBXFileReference; lastKnownFileType = "compiled.mach-o.dylib"; name = libopencv_reg.4.5.2.dylib; path = ../../../../../../usr/local/Cellar/opencv/4.5.2/lib/libopencv_reg.4.5.2.dylib; sourceTree = "<group>"; };
		5680AD3F263BDAAE00EC3B30 /* libopencv_wechat_qrcode.4.5.2.dylib */ = {isa = PBXFileReference; lastKnownFileType = "compiled.mach-o.dylib"; name = libopencv_wechat_qrcode.4.5.2.dylib; path = ../../../../../../usr/local/Cellar/opencv/4.5.2/lib/libopencv_wechat_qrcode.4.5.2.dylib; sourceTree = "<group>"; };
		5680AD40263BDAAE00EC3B30 /* libopencv_mcc.4.5.2.dylib */ = {isa = PBXFileReference; lastKnownFileType = "compiled.mach-o.dylib"; name = libopencv_mcc.4.5.2.dylib; path = ../../../../../../usr/local/Cellar/opencv/4.5.2/lib/libopencv_mcc.4.5.2.dylib; sourceTree = "<group>"; };
		5680AD41263BDAAE00EC3B30 /* libopencv_xphoto.4.5.2.dylib */ = {isa = PBXFileReference; lastKnownFileType = "compiled.mach-o.dylib"; name = libopencv_xphoto.4.5.2.dylib; path = ../../../../../../usr/local/Cellar/opencv/4.5.2/lib/libopencv_xphoto.4.5.2.dylib; sourceTree = "<group>"; };
		5680AD42263BDAAE00EC3B30 /* libopencv_dpm.4.5.2.dylib */ = {isa = PBXFileReference; lastKnownFileType = "compiled.mach-o.dylib"; name = libopencv_dpm.4.5.2.dylib; path = ../../../../../../usr/local/Cellar/opencv/4.5.2/lib/libopencv_dpm.4.5.2.dylib; sourceTree = "<group>"; };
		5680AD43263BDAAE00EC3B30 /* libopencv_superres.4.5.2.dylib */ = {isa = PBXFileReference; lastKnownFileType = "compiled.mach-o.dylib"; name = libopencv_superres.4.5.2.dylib; path = ../../../../../../usr/local/Cellar/opencv/4.5.2/lib/libopencv_superres.4.5.2.dylib; sourceTree = "<group>"; };
		5680AD44263BDAAE00EC3B30 /* libopencv_highgui.4.5.2.dylib */ = {isa = PBXFileReference; lastKnownFileType = "compiled.mach-o.dylib"; name = libopencv_highgui.4.5.2.dylib; path = ../../../../../../usr/local/Cellar/opencv/4.5.2/lib/libopencv_highgui.4.5.2.dylib; sourceTree = "<group>"; };
		5680AD45263BDAAE00EC3B30 /* libopencv_freetype.4.5.2.dylib */ = {isa = PBXFileReference; lastKnownFileType = "compiled.mach-o.dylib"; name = libopencv_freetype.4.5.2.dylib; path = ../../../../../../usr/local/Cellar/opencv/4.5.2/lib/libopencv_freetype.4.5.2.dylib; sourceTree = "<group>"; };
		5680AD46263BDAAE00EC3B30 /* libopencv_imgproc.4.5.2.dylib */ = {isa = PBXFileReference; lastKnownFileType = "compiled.mach-o.dylib"; name = libopencv_imgproc.4.5.2.dylib; path = ../../../../../../usr/local/Cellar/opencv/4.5.2/lib/libopencv_imgproc.4.5.2.dylib; sourceTree = "<group>"; };
		5680AD47263BDAAE00EC3B30 /* libopencv_intensity_transform.4.5.2.dylib */ = {isa = PBXFileReference; lastKnownFileType = "compiled.mach-o.dylib"; name = libopencv_intensity_transform.4.5.2.dylib; path = ../../../../../../usr/local/Cellar/opencv/4.5.2/lib/libopencv_intensity_transform.4.5.2.dylib; sourceTree = "<group>"; };
		5680AD48263BDAAE00EC3B30 /* libopencv_optflow.4.5.2.dylib */ = {isa = PBXFileReference; lastKnownFileType = "compiled.mach-o.dylib"; name = libopencv_optflow.4.5.2.dylib; path = ../../../../../../usr/local/Cellar/opencv/4.5.2/lib/libopencv_optflow.4.5.2.dylib; sourceTree = "<group>"; };
		5680AD49263BDAAE00EC3B30 /* libopencv_sfm.4.5.2.dylib */ = {isa = PBXFileReference; lastKnownFileType = "compiled.mach-o.dylib"; name = libopencv_sfm.4.5.2.dylib; path = ../../../../../../usr/local/Cellar/opencv/4.5.2/lib/libopencv_sfm.4.5.2.dylib; sourceTree = "<group>"; };
		5680AD4A263BDAAE00EC3B30 /* libopencv_text.4.5.2.dylib */ = {isa = PBXFileReference; lastKnownFileType = "compiled.mach-o.dylib"; name = libopencv_text.4.5.2.dylib; path = ../../../../../../usr/local/Cellar/opencv/4.5.2/lib/libopencv_text.4.5.2.dylib; sourceTree = "<group>"; };
		5680AD4B263BDAAE00EC3B30 /* libopencv_objdetect.4.5.2.dylib */ = {isa = PBXFileReference; lastKnownFileType = "compiled.mach-o.dylib"; name = libopencv_objdetect.4.5.2.dylib; path = ../../../../../../usr/local/Cellar/opencv/4.5.2/lib/libopencv_objdetect.4.5.2.dylib; sourceTree = "<group>"; };
		5680AD4C263BDAAE00EC3B30 /* libopencv_imgcodecs.4.5.2.dylib */ = {isa = PBXFileReference; lastKnownFileType = "compiled.mach-o.dylib"; name = libopencv_imgcodecs.4.5.2.dylib; path = ../../../../../../usr/local/Cellar/opencv/4.5.2/lib/libopencv_imgcodecs.4.5.2.dylib; sourceTree = "<group>"; };
		5680AD4D263BDAAE00EC3B30 /* libopencv_dnn.4.5.2.dylib */ = {isa = PBXFileReference; lastKnownFileType = "compiled.mach-o.dylib"; name = libopencv_dnn.4.5.2.dylib; path = ../../../../../../usr/local/Cellar/opencv/4.5.2/lib/libopencv_dnn.4.5.2.dylib; sourceTree = "<group>"; };
		5680AD4E263BDAAE00EC3B30 /* libopencv_rgbd.4.5.2.dylib */ = {isa = PBXFileReference; lastKnownFileType = "compiled.mach-o.dylib"; name = libopencv_rgbd.4.5.2.dylib; path = ../../../../../../usr/local/Cellar/opencv/4.5.2/lib/libopencv_rgbd.4.5.2.dylib; sourceTree = "<group>"; };
		5680AD4F263BDAAE00EC3B30 /* libopencv_xobjdetect.4.5.2.dylib */ = {isa = PBXFileReference; lastKnownFileType = "compiled.mach-o.dylib"; name = libopencv_xobjdetect.4.5.2.dylib; path = ../../../../../../usr/local/Cellar/opencv/4.5.2/lib/libopencv_xobjdetect.4.5.2.dylib; sourceTree = "<group>"; };
		5680AD50263BDAAE00EC3B30 /* libopencv_shape.4.5.2.dylib */ = {isa = PBXFileReference; lastKnownFileType = "compiled.mach-o.dylib"; name = libopencv_shape.4.5.2.dylib; path = ../../../../../../usr/local/Cellar/opencv/4.5.2/lib/libopencv_shape.4.5.2.dylib; sourceTree = "<group>"; };
		5680AD51263BDAAE00EC3B30 /* libopencv_flann.4.5.2.dylib */ = {isa = PBXFileReference; lastKnownFileType = "compiled.mach-o.dylib"; name = libopencv_flann.4.5.2.dylib; path = ../../../../../../usr/local/Cellar/opencv/4.5.2/lib/libopencv_flann.4.5.2.dylib; sourceTree = "<group>"; };
		5680AD52263BDAAE00EC3B30 /* libopencv_img_hash.4.5.2.dylib */ = {isa = PBXFileReference; lastKnownFileType = "compiled.mach-o.dylib"; name = libopencv_img_hash.4.5.2.dylib; path = ../../../../../../usr/local/Cellar/opencv/4.5.2/lib/libopencv_img_hash.4.5.2.dylib; sourceTree = "<group>"; };
		5680AD53263BDAAE00EC3B30 /* libopencv_bgsegm.4.5.2.dylib */ = {isa = PBXFileReference; lastKnownFileType = "compiled.mach-o.dylib"; name = libopencv_bgsegm.4.5.2.dylib; path = ../../../../../../usr/local/Cellar/opencv/4.5.2/lib/libopencv_bgsegm.4.5.2.dylib; sourceTree = "<group>"; };
		5680AD54263BDAAE00EC3B30 /* libopencv_aruco.4.5.2.dylib */ = {isa = PBXFileReference; lastKnownFileType = "compiled.mach-o.dylib"; name = libopencv_aruco.4.5.2.dylib; path = ../../../../../../usr/local/Cellar/opencv/4.5.2/lib/libopencv_aruco.4.5.2.dylib; sourceTree = "<group>"; };
		5680AD55263BDAAE00EC3B30 /* libopencv_core.4.5.2.dylib */ = {isa = PBXFileReference; lastKnownFileType = "compiled.mach-o.dylib"; name = libopencv_core.4.5.2.dylib; path = ../../../../../../usr/local/Cellar/opencv/4.5.2/lib/libopencv_core.4.5.2.dylib; sourceTree = "<group>"; };
		5680AD56263BDAAE00EC3B30 /* libopencv_xfeatures2d.4.5.2.dylib */ = {isa = PBXFileReference; lastKnownFileType = "compiled.mach-o.dylib"; name = libopencv_xfeatures2d.4.5.2.dylib; path = ../../../../../../usr/local/Cellar/opencv/4.5.2/lib/libopencv_xfeatures2d.4.5.2.dylib; sourceTree = "<group>"; };
		5680AD57263BDAAE00EC3B30 /* libopencv_saliency.4.5.2.dylib */ = {isa = PBXFileReference; lastKnownFileType = "compiled.mach-o.dylib"; name = libopencv_saliency.4.5.2.dylib; path = ../../../../../../usr/local/Cellar/opencv/4.5.2/lib/libopencv_saliency.4.5.2.dylib; sourceTree = "<group>"; };
		5680AD58263BDAAE00EC3B30 /* libopencv_stitching.4.5.2.dylib */ = {isa = PBXFileReference; lastKnownFileType = "compiled.mach-o.dylib"; name = libopencv_stitching.4.5.2.dylib; path = ../../../../../../usr/local/Cellar/opencv/4.5.2/lib/libopencv_stitching.4.5.2.dylib; sourceTree = "<group>"; };
		5680ADCF263BECE500EC3B30 /* smoothing_images */ = {isa = PBXFileReference; explicitFileType = "compiled.mach-o.executable"; includeInIndex = 0; path = smoothing_images; sourceTree = BUILT_PRODUCTS_DIR; };
		5680ADD1263BECE500EC3B30 /* main.cpp */ = {isa = PBXFileReference; lastKnownFileType = sourcecode.cpp.cpp; path = main.cpp; sourceTree = "<group>"; };
/* End PBXFileReference section */

/* Begin PBXFrameworksBuildPhase section */
		566A31FE263AA1E6001E8D28 /* Frameworks */ = {
			isa = PBXFrameworksBuildPhase;
			buildActionMask = 2147483647;
			files = (
				5680ADA2263BDADA00EC3B30 /* libopencv_plot.4.5.2.dylib in Frameworks */,
				5680ADAC263BDADA00EC3B30 /* libopencv_fuzzy.4.5.2.dylib in Frameworks */,
				5680ADB4263BDADB00EC3B30 /* libopencv_structured_light.4.5.2.dylib in Frameworks */,
				5680ADC1263BDADC00EC3B30 /* libopencv_gapi.4.5.2.dylib in Frameworks */,
				5680ADAA263BDADA00EC3B30 /* libopencv_alphamat.4.5.2.dylib in Frameworks */,
				5680ADB0263BDADB00EC3B30 /* libopencv_flann.4.5.2.dylib in Frameworks */,
				5680ADC2263BDADC00EC3B30 /* libopencv_ml.4.5.2.dylib in Frameworks */,
				5680ADC7263BDADC00EC3B30 /* libopencv_rapid.4.5.2.dylib in Frameworks */,
				5680AD97263BDAD900EC3B30 /* libopencv_freetype.4.5.2.dylib in Frameworks */,
				5680AD99263BDAD900EC3B30 /* libopencv_phase_unwrapping.4.5.2.dylib in Frameworks */,
				5680ADC6263BDADC00EC3B30 /* libopencv_ccalib.4.5.2.dylib in Frameworks */,
				5680ADA4263BDADA00EC3B30 /* libopencv_superres.4.5.2.dylib in Frameworks */,
				5680AD9E263BDAD900EC3B30 /* libopencv_bgsegm.4.5.2.dylib in Frameworks */,
				5680ADB7263BDADB00EC3B30 /* libopencv_aruco.4.5.2.dylib in Frameworks */,
				5680ADB9263BDADB00EC3B30 /* libopencv_dnn_superres.4.5.2.dylib in Frameworks */,
				5680AD9C263BDAD900EC3B30 /* libopencv_ximgproc.4.5.2.dylib in Frameworks */,
				5680ADA7263BDADA00EC3B30 /* libopencv_highgui.4.5.2.dylib in Frameworks */,
				5680ADA1263BDAD900EC3B30 /* libopencv_wechat_qrcode.4.5.2.dylib in Frameworks */,
				5680ADAB263BDADA00EC3B30 /* libopencv_calib3d.4.5.2.dylib in Frameworks */,
				5680ADAF263BDADB00EC3B30 /* libopencv_rgbd.4.5.2.dylib in Frameworks */,
				5680AD95263BDAD900EC3B30 /* libopencv_xobjdetect.4.5.2.dylib in Frameworks */,
				5680AD94263BDAD900EC3B30 /* libopencv_video.4.5.2.dylib in Frameworks */,
				5680AD9B263BDAD900EC3B30 /* libopencv_shape.4.5.2.dylib in Frameworks */,
				5680ADB6263BDADB00EC3B30 /* libopencv_stereo.4.5.2.dylib in Frameworks */,
				5680ADAD263BDADA00EC3B30 /* libopencv_saliency.4.5.2.dylib in Frameworks */,
				5680ADBC263BDADB00EC3B30 /* libopencv_features2d.4.5.2.dylib in Frameworks */,
				5680ADA5263BDADA00EC3B30 /* libopencv_xphoto.4.5.2.dylib in Frameworks */,
				5680ADC4263BDADC00EC3B30 /* libopencv_text.4.5.2.dylib in Frameworks */,
				5680AD9F263BDAD900EC3B30 /* libopencv_line_descriptor.4.5.2.dylib in Frameworks */,
				5680ADB3263BDADB00EC3B30 /* libopencv_sfm.4.5.2.dylib in Frameworks */,
				5680ADA8263BDADA00EC3B30 /* libopencv_dpm.4.5.2.dylib in Frameworks */,
				5680ADBF263BDADC00EC3B30 /* libopencv_videostab.4.5.2.dylib in Frameworks */,
				5680AD9A263BDAD900EC3B30 /* libopencv_dnn_objdetect.4.5.2.dylib in Frameworks */,
				5680ADC3263BDADC00EC3B30 /* libopencv_stitching.4.5.2.dylib in Frameworks */,
				5680ADBB263BDADB00EC3B30 /* libopencv_optflow.4.5.2.dylib in Frameworks */,
				5680AD92263BDAD800EC3B30 /* libopencv_hfs.4.5.2.dylib in Frameworks */,
				5680AD96263BDAD900EC3B30 /* libopencv_face.4.5.2.dylib in Frameworks */,
				5680AD9D263BDAD900EC3B30 /* libopencv_dnn.4.5.2.dylib in Frameworks */,
				5680AD98263BDAD900EC3B30 /* libopencv_photo.4.5.2.dylib in Frameworks */,
				5680ADBA263BDADB00EC3B30 /* libopencv_viz.4.5.2.dylib in Frameworks */,
				5680ADC0263BDADC00EC3B30 /* libopencv_mcc.4.5.2.dylib in Frameworks */,
				5680ADA6263BDADA00EC3B30 /* libopencv_intensity_transform.4.5.2.dylib in Frameworks */,
				5680ADAE263BDADA00EC3B30 /* libopencv_imgcodecs.4.5.2.dylib in Frameworks */,
				5680ADA0263BDAD900EC3B30 /* libopencv_objdetect.4.5.2.dylib in Frameworks */,
				5680ADB5263BDADB00EC3B30 /* libopencv_xfeatures2d.4.5.2.dylib in Frameworks */,
				5680AD93263BDAD800EC3B30 /* libopencv_datasets.4.5.2.dylib in Frameworks */,
				5680ADA9263BDADA00EC3B30 /* libopencv_quality.4.5.2.dylib in Frameworks */,
				5680ADA3263BDADA00EC3B30 /* libopencv_core.4.5.2.dylib in Frameworks */,
				5680ADC8263BDADC00EC3B30 /* libopencv_videoio.4.5.2.dylib in Frameworks */,
				5680ADB1263BDADB00EC3B30 /* libopencv_reg.4.5.2.dylib in Frameworks */,
				5680ADC5263BDADC00EC3B30 /* libopencv_bioinspired.4.5.2.dylib in Frameworks */,
				5680ADBD263BDADC00EC3B30 /* libopencv_surface_matching.4.5.2.dylib in Frameworks */,
				5680ADBE263BDADC00EC3B30 /* libopencv_tracking.4.5.2.dylib in Frameworks */,
				5680ADB8263BDADB00EC3B30 /* libopencv_img_hash.4.5.2.dylib in Frameworks */,
				5680ADB2263BDADB00EC3B30 /* libopencv_imgproc.4.5.2.dylib in Frameworks */,
			);
			runOnlyForDeploymentPostprocessing = 0;
		};
		5680A90A263BA66100EC3B30 /* Frameworks */ = {
			isa = PBXFrameworksBuildPhase;
			buildActionMask = 2147483647;
			files = (
				5680AD6F263BDAB000EC3B30 /* libopencv_face.4.5.2.dylib in Frameworks */,
				5680AD82263BDAB100EC3B30 /* libopencv_objdetect.4.5.2.dylib in Frameworks */,
				5680AD88263BDAB200EC3B30 /* libopencv_flann.4.5.2.dylib in Frameworks */,
				5680AD5E263BDAAF00EC3B30 /* libopencv_alphamat.4.5.2.dylib in Frameworks */,
				5680AD8E263BDAB200EC3B30 /* libopencv_saliency.4.5.2.dylib in Frameworks */,
				5680AD8F263BDAB200EC3B30 /* libopencv_stitching.4.5.2.dylib in Frameworks */,
				5680AD89263BDAB200EC3B30 /* libopencv_img_hash.4.5.2.dylib in Frameworks */,
				5680AD7B263BDAB100EC3B30 /* libopencv_highgui.4.5.2.dylib in Frameworks */,
				5680AD8D263BDAB200EC3B30 /* libopencv_xfeatures2d.4.5.2.dylib in Frameworks */,
				5680AD76263BDAB000EC3B30 /* libopencv_wechat_qrcode.4.5.2.dylib in Frameworks */,
				5680AD81263BDAB100EC3B30 /* libopencv_text.4.5.2.dylib in Frameworks */,
				5680AD60263BDAAF00EC3B30 /* libopencv_tracking.4.5.2.dylib in Frameworks */,
				5680AD62263BDAAF00EC3B30 /* libopencv_videostab.4.5.2.dylib in Frameworks */,
				5680AD68263BDAAF00EC3B30 /* libopencv_gapi.4.5.2.dylib in Frameworks */,
				5680AD79263BDAB100EC3B30 /* libopencv_dpm.4.5.2.dylib in Frameworks */,
				5680AD78263BDAB100EC3B30 /* libopencv_xphoto.4.5.2.dylib in Frameworks */,
				5680AD71263BDAB000EC3B30 /* libopencv_ml.4.5.2.dylib in Frameworks */,
				5680AD86263BDAB200EC3B30 /* libopencv_xobjdetect.4.5.2.dylib in Frameworks */,
				5680AD8C263BDAB200EC3B30 /* libopencv_core.4.5.2.dylib in Frameworks */,
				5680AD75263BDAB000EC3B30 /* libopencv_reg.4.5.2.dylib in Frameworks */,
				5680AD77263BDAB100EC3B30 /* libopencv_mcc.4.5.2.dylib in Frameworks */,
				5680AD6A263BDAB000EC3B30 /* libopencv_dnn_objdetect.4.5.2.dylib in Frameworks */,
				5680AD5D263BDAAF00EC3B30 /* libopencv_dnn_superres.4.5.2.dylib in Frameworks */,
				5680AD6B263BDAB000EC3B30 /* libopencv_ximgproc.4.5.2.dylib in Frameworks */,
				5680AD7E263BDAB100EC3B30 /* libopencv_intensity_transform.4.5.2.dylib in Frameworks */,
				5680AD8B263BDAB200EC3B30 /* libopencv_aruco.4.5.2.dylib in Frameworks */,
				5680AD7D263BDAB100EC3B30 /* libopencv_imgproc.4.5.2.dylib in Frameworks */,
				5680AD7F263BDAB100EC3B30 /* libopencv_optflow.4.5.2.dylib in Frameworks */,
				5680AD61263BDAAF00EC3B30 /* libopencv_bioinspired.4.5.2.dylib in Frameworks */,
				5680AD5B263BDAAE00EC3B30 /* libopencv_phase_unwrapping.4.5.2.dylib in Frameworks */,
				5680AD66263BDAAF00EC3B30 /* libopencv_viz.4.5.2.dylib in Frameworks */,
				5680AD64263BDAAF00EC3B30 /* libopencv_video.4.5.2.dylib in Frameworks */,
				5680AD74263BDAB000EC3B30 /* libopencv_plot.4.5.2.dylib in Frameworks */,
				5680AD6E263BDAB000EC3B30 /* libopencv_calib3d.4.5.2.dylib in Frameworks */,
				5680AD8A263BDAB200EC3B30 /* libopencv_bgsegm.4.5.2.dylib in Frameworks */,
				5680AD73263BDAB000EC3B30 /* libopencv_structured_light.4.5.2.dylib in Frameworks */,
				5680AD87263BDAB200EC3B30 /* libopencv_shape.4.5.2.dylib in Frameworks */,
				5680AD69263BDAB000EC3B30 /* libopencv_rapid.4.5.2.dylib in Frameworks */,
				5680AD72263BDAB000EC3B30 /* libopencv_fuzzy.4.5.2.dylib in Frameworks */,
				5680AD84263BDAB200EC3B30 /* libopencv_dnn.4.5.2.dylib in Frameworks */,
				5680AD65263BDAAF00EC3B30 /* libopencv_stereo.4.5.2.dylib in Frameworks */,
				5680AD59263BDAAE00EC3B30 /* libopencv_surface_matching.4.5.2.dylib in Frameworks */,
				5680AD63263BDAAF00EC3B30 /* libopencv_hfs.4.5.2.dylib in Frameworks */,
				5680AD5C263BDAAF00EC3B30 /* libopencv_features2d.4.5.2.dylib in Frameworks */,
				5680AD80263BDAB100EC3B30 /* libopencv_sfm.4.5.2.dylib in Frameworks */,
				5680AD7A263BDAB100EC3B30 /* libopencv_superres.4.5.2.dylib in Frameworks */,
				5680AD70263BDAB000EC3B30 /* libopencv_ccalib.4.5.2.dylib in Frameworks */,
				5680AD83263BDAB100EC3B30 /* libopencv_imgcodecs.4.5.2.dylib in Frameworks */,
				5680AD7C263BDAB100EC3B30 /* libopencv_freetype.4.5.2.dylib in Frameworks */,
				5680AD5F263BDAAF00EC3B30 /* libopencv_photo.4.5.2.dylib in Frameworks */,
				5680AD67263BDAAF00EC3B30 /* libopencv_datasets.4.5.2.dylib in Frameworks */,
				5680AD85263BDAB200EC3B30 /* libopencv_rgbd.4.5.2.dylib in Frameworks */,
				5680AD6C263BDAB000EC3B30 /* libopencv_quality.4.5.2.dylib in Frameworks */,
				5680AD6D263BDAB000EC3B30 /* libopencv_videoio.4.5.2.dylib in Frameworks */,
				5680AD5A263BDAAE00EC3B30 /* libopencv_line_descriptor.4.5.2.dylib in Frameworks */,
			);
			runOnlyForDeploymentPostprocessing = 0;
		};
		5680ADCC263BECE500EC3B30 /* Frameworks */ = {
			isa = PBXFrameworksBuildPhase;
			buildActionMask = 2147483647;
			files = (
				5680AE0E263BED0000EC3B30 /* libopencv_highgui.4.5.2.dylib in Frameworks */,
				5680ADDA263BED0000EC3B30 /* libopencv_freetype.4.5.2.dylib in Frameworks */,
				5680ADFA263BED0000EC3B30 /* libopencv_datasets.4.5.2.dylib in Frameworks */,
				5680ADDE263BED0000EC3B30 /* libopencv_line_descriptor.4.5.2.dylib in Frameworks */,
				5680ADE0263BED0000EC3B30 /* libopencv_features2d.4.5.2.dylib in Frameworks */,
				5680ADFD263BED0000EC3B30 /* libopencv_dnn.4.5.2.dylib in Frameworks */,
				5680ADDF263BED0000EC3B30 /* libopencv_imgproc.4.5.2.dylib in Frameworks */,
				5680ADF9263BED0000EC3B30 /* libopencv_face.4.5.2.dylib in Frameworks */,
				5680ADE7263BED0000EC3B30 /* libopencv_text.4.5.2.dylib in Frameworks */,
				5680AE07263BED0000EC3B30 /* libopencv_ccalib.4.5.2.dylib in Frameworks */,
				5680AE03263BED0000EC3B30 /* libopencv_superres.4.5.2.dylib in Frameworks */,
				5680ADF0263BED0000EC3B30 /* libopencv_imgcodecs.4.5.2.dylib in Frameworks */,
				5680ADEB263BED0000EC3B30 /* libopencv_ml.4.5.2.dylib in Frameworks */,
				5680ADFF263BED0000EC3B30 /* libopencv_objdetect.4.5.2.dylib in Frameworks */,
				5680AE00263BED0000EC3B30 /* libopencv_gapi.4.5.2.dylib in Frameworks */,
				5680ADFE263BED0000EC3B30 /* libopencv_saliency.4.5.2.dylib in Frameworks */,
				5680ADF3263BED0000EC3B30 /* libopencv_rapid.4.5.2.dylib in Frameworks */,
				5680AE0F263BED0000EC3B30 /* libopencv_phase_unwrapping.4.5.2.dylib in Frameworks */,
				5680ADFB263BED0000EC3B30 /* libopencv_stitching.4.5.2.dylib in Frameworks */,
				5680ADF1263BED0000EC3B30 /* libopencv_videostab.4.5.2.dylib in Frameworks */,
				5680ADF5263BED0000EC3B30 /* libopencv_dpm.4.5.2.dylib in Frameworks */,
				5680ADE5263BED0000EC3B30 /* libopencv_optflow.4.5.2.dylib in Frameworks */,
				5680AE06263BED0000EC3B30 /* libopencv_surface_matching.4.5.2.dylib in Frameworks */,
				5680ADE6263BED0000EC3B30 /* libopencv_sfm.4.5.2.dylib in Frameworks */,
				5680AE0C263BED0000EC3B30 /* libopencv_flann.4.5.2.dylib in Frameworks */,
				5680ADF7263BED0000EC3B30 /* libopencv_photo.4.5.2.dylib in Frameworks */,
				5680ADED263BED0000EC3B30 /* libopencv_hfs.4.5.2.dylib in Frameworks */,
				5680AE09263BED0000EC3B30 /* libopencv_quality.4.5.2.dylib in Frameworks */,
				5680ADE2263BED0000EC3B30 /* libopencv_img_hash.4.5.2.dylib in Frameworks */,
				5680AE02263BED0000EC3B30 /* libopencv_stereo.4.5.2.dylib in Frameworks */,
				5680ADFC263BED0000EC3B30 /* libopencv_alphamat.4.5.2.dylib in Frameworks */,
				5680ADF4263BED0000EC3B30 /* libopencv_bgsegm.4.5.2.dylib in Frameworks */,
				5680ADEE263BED0000EC3B30 /* libopencv_xphoto.4.5.2.dylib in Frameworks */,
				5680ADE4263BED0000EC3B30 /* libopencv_plot.4.5.2.dylib in Frameworks */,
				5680ADEC263BED0000EC3B30 /* libopencv_dnn_superres.4.5.2.dylib in Frameworks */,
				5680ADEF263BED0000EC3B30 /* libopencv_calib3d.4.5.2.dylib in Frameworks */,
				5680AE0D263BED0000EC3B30 /* libopencv_intensity_transform.4.5.2.dylib in Frameworks */,
				5680ADD9263BED0000EC3B30 /* libopencv_rgbd.4.5.2.dylib in Frameworks */,
				5680ADE8263BED0000EC3B30 /* libopencv_video.4.5.2.dylib in Frameworks */,
				5680ADE9263BED0000EC3B30 /* libopencv_viz.4.5.2.dylib in Frameworks */,
				5680ADDD263BED0000EC3B30 /* libopencv_fuzzy.4.5.2.dylib in Frameworks */,
				5680ADF2263BED0000EC3B30 /* libopencv_xfeatures2d.4.5.2.dylib in Frameworks */,
				5680AE04263BED0000EC3B30 /* libopencv_ximgproc.4.5.2.dylib in Frameworks */,
				5680ADF6263BED0000EC3B30 /* libopencv_shape.4.5.2.dylib in Frameworks */,
				5680ADF8263BED0000EC3B30 /* libopencv_structured_light.4.5.2.dylib in Frameworks */,
				5680AE0B263BED0000EC3B30 /* libopencv_xobjdetect.4.5.2.dylib in Frameworks */,
				5680ADDB263BED0000EC3B30 /* libopencv_wechat_qrcode.4.5.2.dylib in Frameworks */,
				5680ADEA263BED0000EC3B30 /* libopencv_mcc.4.5.2.dylib in Frameworks */,
				5680AE0A263BED0000EC3B30 /* libopencv_reg.4.5.2.dylib in Frameworks */,
				5680ADE1263BED0000EC3B30 /* libopencv_videoio.4.5.2.dylib in Frameworks */,
				5680ADDC263BED0000EC3B30 /* libopencv_bioinspired.4.5.2.dylib in Frameworks */,
				5680AE05263BED0000EC3B30 /* libopencv_tracking.4.5.2.dylib in Frameworks */,
				5680AE01263BED0000EC3B30 /* libopencv_aruco.4.5.2.dylib in Frameworks */,
				5680AE08263BED0000EC3B30 /* libopencv_dnn_objdetect.4.5.2.dylib in Frameworks */,
				5680ADE3263BED0000EC3B30 /* libopencv_core.4.5.2.dylib in Frameworks */,
			);
			runOnlyForDeploymentPostprocessing = 0;
		};
/* End PBXFrameworksBuildPhase section */

/* Begin PBXGroup section */
		566A31F8263AA1E6001E8D28 = {
			isa = PBXGroup;
			children = (
				5680AD27263BDAAD00EC3B30 /* libopencv_alphamat.4.5.2.dylib */,
				5680AD54263BDAAE00EC3B30 /* libopencv_aruco.4.5.2.dylib */,
				5680AD53263BDAAE00EC3B30 /* libopencv_bgsegm.4.5.2.dylib */,
				5680AD2A263BDAAD00EC3B30 /* libopencv_bioinspired.4.5.2.dylib */,
				5680AD37263BDAAD00EC3B30 /* libopencv_calib3d.4.5.2.dylib */,
				5680AD39263BDAAD00EC3B30 /* libopencv_ccalib.4.5.2.dylib */,
				5680AD55263BDAAE00EC3B30 /* libopencv_core.4.5.2.dylib */,
				5680AD30263BDAAD00EC3B30 /* libopencv_datasets.4.5.2.dylib */,
				5680AD33263BDAAD00EC3B30 /* libopencv_dnn_objdetect.4.5.2.dylib */,
				5680AD26263BDAAD00EC3B30 /* libopencv_dnn_superres.4.5.2.dylib */,
				5680AD4D263BDAAE00EC3B30 /* libopencv_dnn.4.5.2.dylib */,
				5680AD42263BDAAE00EC3B30 /* libopencv_dpm.4.5.2.dylib */,
				5680AD38263BDAAD00EC3B30 /* libopencv_face.4.5.2.dylib */,
				5680AD25263BDAAD00EC3B30 /* libopencv_features2d.4.5.2.dylib */,
				5680AD51263BDAAE00EC3B30 /* libopencv_flann.4.5.2.dylib */,
				5680AD45263BDAAE00EC3B30 /* libopencv_freetype.4.5.2.dylib */,
				5680AD3B263BDAAD00EC3B30 /* libopencv_fuzzy.4.5.2.dylib */,
				5680AD31263BDAAD00EC3B30 /* libopencv_gapi.4.5.2.dylib */,
				5680AD2C263BDAAD00EC3B30 /* libopencv_hfs.4.5.2.dylib */,
				5680AD44263BDAAE00EC3B30 /* libopencv_highgui.4.5.2.dylib */,
				5680AD52263BDAAE00EC3B30 /* libopencv_img_hash.4.5.2.dylib */,
				5680AD4C263BDAAE00EC3B30 /* libopencv_imgcodecs.4.5.2.dylib */,
				5680AD46263BDAAE00EC3B30 /* libopencv_imgproc.4.5.2.dylib */,
				5680AD47263BDAAE00EC3B30 /* libopencv_intensity_transform.4.5.2.dylib */,
				5680AD23263BDAAD00EC3B30 /* libopencv_line_descriptor.4.5.2.dylib */,
				5680AD40263BDAAE00EC3B30 /* libopencv_mcc.4.5.2.dylib */,
				5680AD3A263BDAAD00EC3B30 /* libopencv_ml.4.5.2.dylib */,
				5680AD4B263BDAAE00EC3B30 /* libopencv_objdetect.4.5.2.dylib */,
				5680AD48263BDAAE00EC3B30 /* libopencv_optflow.4.5.2.dylib */,
				5680AD24263BDAAD00EC3B30 /* libopencv_phase_unwrapping.4.5.2.dylib */,
				5680AD28263BDAAD00EC3B30 /* libopencv_photo.4.5.2.dylib */,
				5680AD3D263BDAAD00EC3B30 /* libopencv_plot.4.5.2.dylib */,
				5680AD35263BDAAD00EC3B30 /* libopencv_quality.4.5.2.dylib */,
				5680AD32263BDAAD00EC3B30 /* libopencv_rapid.4.5.2.dylib */,
				5680AD3E263BDAAE00EC3B30 /* libopencv_reg.4.5.2.dylib */,
				5680AD4E263BDAAE00EC3B30 /* libopencv_rgbd.4.5.2.dylib */,
				5680AD57263BDAAE00EC3B30 /* libopencv_saliency.4.5.2.dylib */,
				5680AD49263BDAAE00EC3B30 /* libopencv_sfm.4.5.2.dylib */,
				5680AD50263BDAAE00EC3B30 /* libopencv_shape.4.5.2.dylib */,
				5680AD2E263BDAAD00EC3B30 /* libopencv_stereo.4.5.2.dylib */,
				5680AD58263BDAAE00EC3B30 /* libopencv_stitching.4.5.2.dylib */,
				5680AD3C263BDAAD00EC3B30 /* libopencv_structured_light.4.5.2.dylib */,
				5680AD43263BDAAE00EC3B30 /* libopencv_superres.4.5.2.dylib */,
				5680AD22263BDAAD00EC3B30 /* libopencv_surface_matching.4.5.2.dylib */,
				5680AD4A263BDAAE00EC3B30 /* libopencv_text.4.5.2.dylib */,
				5680AD29263BDAAD00EC3B30 /* libopencv_tracking.4.5.2.dylib */,
				5680AD2D263BDAAD00EC3B30 /* libopencv_video.4.5.2.dylib */,
				5680AD36263BDAAD00EC3B30 /* libopencv_videoio.4.5.2.dylib */,
				5680AD2B263BDAAD00EC3B30 /* libopencv_videostab.4.5.2.dylib */,
				5680AD2F263BDAAD00EC3B30 /* libopencv_viz.4.5.2.dylib */,
				5680AD3F263BDAAE00EC3B30 /* libopencv_wechat_qrcode.4.5.2.dylib */,
				5680AD56263BDAAE00EC3B30 /* libopencv_xfeatures2d.4.5.2.dylib */,
				5680AD4F263BDAAE00EC3B30 /* libopencv_xobjdetect.4.5.2.dylib */,
				5680AD34263BDAAD00EC3B30 /* libopencv_ximgproc.4.5.2.dylib */,
				5680AD41263BDAAE00EC3B30 /* libopencv_xphoto.4.5.2.dylib */,
				566A3203263AA1E6001E8D28 /* basic_drawing */,
				5680A90E263BA66100EC3B30 /* random_generator_and_text */,
				5680ADD0263BECE500EC3B30 /* smoothing_images */,
				566A3202263AA1E6001E8D28 /* Products */,
				566A320C263AA227001E8D28 /* Frameworks */,
			);
			sourceTree = "<group>";
		};
		566A3202263AA1E6001E8D28 /* Products */ = {
			isa = PBXGroup;
			children = (
				566A3201263AA1E6001E8D28 /* image_processing */,
				5680A90D263BA66100EC3B30 /* random_generator_and_text */,
				5680ADCF263BECE500EC3B30 /* smoothing_images */,
			);
			name = Products;
			sourceTree = "<group>";
		};
		566A3203263AA1E6001E8D28 /* basic_drawing */ = {
			isa = PBXGroup;
			children = (
				566A3204263AA1E6001E8D28 /* main.cpp */,
			);
			path = basic_drawing;
			sourceTree = "<group>";
		};
		566A320C263AA227001E8D28 /* Frameworks */ = {
			isa = PBXGroup;
			children = (
				5680A8C8263B97EB00EC3B30 /* libopencv_alphamat.dylib */,
				5680A8C7263B97EB00EC3B30 /* libopencv_aruco.dylib */,
				5680A8BE263B97EB00EC3B30 /* libopencv_bgsegm.dylib */,
				5680A8B7263B97EB00EC3B30 /* libopencv_bioinspired.dylib */,
				5680A8D3263B97EB00EC3B30 /* libopencv_calib3d.dylib */,
				5680A8C0263B97EB00EC3B30 /* libopencv_ccalib.dylib */,
				5680A8BD263B97EB00EC3B30 /* libopencv_datasets.dylib */,
				5680A8C9263B97EB00EC3B30 /* libopencv_dnn_objdetect.dylib */,
				5680A8AF263B97EB00EC3B30 /* libopencv_dnn_superres.dylib */,
				5680A8B2263B97EB00EC3B30 /* libopencv_dnn.dylib */,
				5680A8CA263B97EB00EC3B30 /* libopencv_dpm.dylib */,
				5680A8BC263B97EB00EC3B30 /* libopencv_features2d.dylib */,
				5680A8B3263B97EB00EC3B30 /* libopencv_flann.dylib */,
				5680A8CE263B97EB00EC3B30 /* libopencv_freetype.dylib */,
				5680A8A9263B97EB00EC3B30 /* libopencv_fuzzy.dylib */,
				5680A8AB263B97EB00EC3B30 /* libopencv_gapi.dylib */,
				5680A8CF263B97EB00EC3B30 /* libopencv_hfs.dylib */,
				5680A8AA263B97EB00EC3B30 /* libopencv_img_hash.dylib */,
				5680A8D2263B97EB00EC3B30 /* libopencv_imgproc.dylib */,
				5680A8C1263B97EB00EC3B30 /* libopencv_intensity_transform.dylib */,
				5680A8CB263B97EB00EC3B30 /* libopencv_mcc.dylib */,
				5680A8C3263B97EB00EC3B30 /* libopencv_objdetect.dylib */,
				5680A8D1263B97EB00EC3B30 /* libopencv_optflow.dylib */,
				5680A8B8263B97EB00EC3B30 /* libopencv_phase_unwrapping.dylib */,
				5680A8AE263B97EB00EC3B30 /* libopencv_photo.dylib */,
				5680A8C2263B97EB00EC3B30 /* libopencv_plot.dylib */,
				5680A8B4263B97EB00EC3B30 /* libopencv_quality.dylib */,
				5680A8D0263B97EB00EC3B30 /* libopencv_rapid.dylib */,
				5680A8AC263B97EB00EC3B30 /* libopencv_reg.dylib */,
				5680A8C4263B97EB00EC3B30 /* libopencv_rgbd.dylib */,
				5680A8CC263B97EB00EC3B30 /* libopencv_saliency.dylib */,
				5680A8D4263B97EB00EC3B30 /* libopencv_sfm.dylib */,
				5680A8BA263B97EB00EC3B30 /* libopencv_stereo.dylib */,
				5680A8C5263B97EB00EC3B30 /* libopencv_stitching.dylib */,
				5680A8BB263B97EB00EC3B30 /* libopencv_structured_light.dylib */,
				5680A8AD263B97EB00EC3B30 /* libopencv_superres.dylib */,
				5680A8B9263B97EB00EC3B30 /* libopencv_surface_matching.dylib */,
				5680A8CD263B97EB00EC3B30 /* libopencv_text.dylib */,
				5680A8A8263B97EB00EC3B30 /* libopencv_tracking.dylib */,
				5680A8B5263B97EB00EC3B30 /* libopencv_video.dylib */,
				5680A8B1263B97EB00EC3B30 /* libopencv_videoio.dylib */,
				5680A8B6263B97EB00EC3B30 /* libopencv_videostab.dylib */,
				5680A8D5263B97EB00EC3B30 /* libopencv_viz.dylib */,
				5680A8A7263B97EB00EC3B30 /* libopencv_xfeatures2d.dylib */,
				5680A8C6263B97EB00EC3B30 /* libopencv_ximgproc.dylib */,
				5680A8B0263B97EB00EC3B30 /* libopencv_xobjdetect.dylib */,
				5680A8BF263B97EB00EC3B30 /* libopencv_xphoto.dylib */,
				5680A8A4263B978600EC3B30 /* libopencv_shape.dylib */,
				5680A8A1263B965500EC3B30 /* libopencv_line_descriptor.dylib */,
				566A3212263AA38E001E8D28 /* libopencv_imgcodecs.dylib */,
				566A320F263AA25B001E8D28 /* libopencv_highgui.dylib */,
				566A320D263AA228001E8D28 /* libopencv_core.dylib */,
			);
			name = Frameworks;
			path = ../../../../../../../../develop_workspace/opencv/opencv_tutorials/image_processing;
			sourceTree = BUILT_PRODUCTS_DIR;
		};
		5680A90E263BA66100EC3B30 /* random_generator_and_text */ = {
			isa = PBXGroup;
			children = (
				5680A90F263BA66100EC3B30 /* main.cpp */,
			);
			path = random_generator_and_text;
			sourceTree = "<group>";
		};
		5680ADD0263BECE500EC3B30 /* smoothing_images */ = {
			isa = PBXGroup;
			children = (
				5680ADD1263BECE500EC3B30 /* main.cpp */,
			);
			path = smoothing_images;
			sourceTree = "<group>";
		};
/* End PBXGroup section */

/* Begin PBXNativeTarget section */
		566A3200263AA1E6001E8D28 /* image_processing */ = {
			isa = PBXNativeTarget;
			buildConfigurationList = 566A3208263AA1E6001E8D28 /* Build configuration list for PBXNativeTarget "image_processing" */;
			buildPhases = (
				566A31FD263AA1E6001E8D28 /* Sources */,
				566A31FE263AA1E6001E8D28 /* Frameworks */,
				566A31FF263AA1E6001E8D28 /* CopyFiles */,
			);
			buildRules = (
			);
			dependencies = (
			);
			name = image_processing;
			productName = opencv_learning;
			productReference = 566A3201263AA1E6001E8D28 /* image_processing */;
			productType = "com.apple.product-type.tool";
		};
		5680A90C263BA66100EC3B30 /* random_generator_and_text */ = {
			isa = PBXNativeTarget;
			buildConfigurationList = 5680A913263BA66100EC3B30 /* Build configuration list for PBXNativeTarget "random_generator_and_text" */;
			buildPhases = (
				5680A909263BA66100EC3B30 /* Sources */,
				5680A90A263BA66100EC3B30 /* Frameworks */,
				5680A90B263BA66100EC3B30 /* Copy Files */,
			);
			buildRules = (
			);
			dependencies = (
			);
			name = random_generator_and_text;
			productName = random_generator_and_text;
			productReference = 5680A90D263BA66100EC3B30 /* random_generator_and_text */;
			productType = "com.apple.product-type.tool";
		};
		5680ADCE263BECE500EC3B30 /* smoothing_images */ = {
			isa = PBXNativeTarget;
			buildConfigurationList = 5680ADD3263BECE500EC3B30 /* Build configuration list for PBXNativeTarget "smoothing_images" */;
			buildPhases = (
				5680ADCB263BECE500EC3B30 /* Sources */,
				5680ADCC263BECE500EC3B30 /* Frameworks */,
				5680ADCD263BECE500EC3B30 /* CopyFiles */,
			);
			buildRules = (
			);
			dependencies = (
			);
			name = smoothing_images;
			productName = smoothing_images;
			productReference = 5680ADCF263BECE500EC3B30 /* smoothing_images */;
			productType = "com.apple.product-type.tool";
		};
/* End PBXNativeTarget section */

/* Begin PBXProject section */
		566A31F9263AA1E6001E8D28 /* Project object */ = {
			isa = PBXProject;
			attributes = {
				LastUpgradeCheck = 1220;
				TargetAttributes = {
					566A3200263AA1E6001E8D28 = {
						CreatedOnToolsVersion = 12.2;
					};
					5680A90C263BA66100EC3B30 = {
						CreatedOnToolsVersion = 12.2;
					};
					5680ADCE263BECE500EC3B30 = {
						CreatedOnToolsVersion = 12.2;
					};
				};
			};
			buildConfigurationList = 566A31FC263AA1E6001E8D28 /* Build configuration list for PBXProject "image_processing" */;
			compatibilityVersion = "Xcode 9.3";
			developmentRegion = en;
			hasScannedForEncodings = 0;
			knownRegions = (
				en,
				Base,
			);
			mainGroup = 566A31F8263AA1E6001E8D28;
			productRefGroup = 566A3202263AA1E6001E8D28 /* Products */;
			projectDirPath = "";
			projectRoot = "";
			targets = (
				566A3200263AA1E6001E8D28 /* image_processing */,
				5680A90C263BA66100EC3B30 /* random_generator_and_text */,
				5680ADCE263BECE500EC3B30 /* smoothing_images */,
			);
		};
/* End PBXProject section */

/* Begin PBXSourcesBuildPhase section */
		566A31FD263AA1E6001E8D28 /* Sources */ = {
			isa = PBXSourcesBuildPhase;
			buildActionMask = 2147483647;
			files = (
				566A3205263AA1E6001E8D28 /* main.cpp in Sources */,
			);
			runOnlyForDeploymentPostprocessing = 0;
		};
		5680A909263BA66100EC3B30 /* Sources */ = {
			isa = PBXSourcesBuildPhase;
			buildActionMask = 2147483647;
			files = (
				5680A910263BA66100EC3B30 /* main.cpp in Sources */,
			);
			runOnlyForDeploymentPostprocessing = 0;
		};
		5680ADCB263BECE500EC3B30 /* Sources */ = {
			isa = PBXSourcesBuildPhase;
			buildActionMask = 2147483647;
			files = (
				5680ADD2263BECE500EC3B30 /* main.cpp in Sources */,
			);
			runOnlyForDeploymentPostprocessing = 0;
		};
/* End PBXSourcesBuildPhase section */

/* Begin XCBuildConfiguration section */
		566A3206263AA1E6001E8D28 /* Debug */ = {
			isa = XCBuildConfiguration;
			buildSettings = {
				ALWAYS_SEARCH_USER_PATHS = NO;
				CLANG_ANALYZER_NONNULL = YES;
				CLANG_ANALYZER_NUMBER_OBJECT_CONVERSION = YES_AGGRESSIVE;
				CLANG_CXX_LANGUAGE_STANDARD = "gnu++14";
				CLANG_CXX_LIBRARY = "libc++";
				CLANG_ENABLE_MODULES = YES;
				CLANG_ENABLE_OBJC_ARC = YES;
				CLANG_ENABLE_OBJC_WEAK = YES;
				CLANG_WARN_BLOCK_CAPTURE_AUTORELEASING = YES;
				CLANG_WARN_BOOL_CONVERSION = YES;
				CLANG_WARN_COMMA = YES;
				CLANG_WARN_CONSTANT_CONVERSION = YES;
				CLANG_WARN_DEPRECATED_OBJC_IMPLEMENTATIONS = YES;
				CLANG_WARN_DIRECT_OBJC_ISA_USAGE = YES_ERROR;
				CLANG_WARN_DOCUMENTATION_COMMENTS = YES;
				CLANG_WARN_EMPTY_BODY = YES;
				CLANG_WARN_ENUM_CONVERSION = YES;
				CLANG_WARN_INFINITE_RECURSION = YES;
				CLANG_WARN_INT_CONVERSION = YES;
				CLANG_WARN_NON_LITERAL_NULL_CONVERSION = YES;
				CLANG_WARN_OBJC_IMPLICIT_RETAIN_SELF = YES;
				CLANG_WARN_OBJC_LITERAL_CONVERSION = YES;
				CLANG_WARN_OBJC_ROOT_CLASS = YES_ERROR;
				CLANG_WARN_QUOTED_INCLUDE_IN_FRAMEWORK_HEADER = YES;
				CLANG_WARN_RANGE_LOOP_ANALYSIS = YES;
				CLANG_WARN_STRICT_PROTOTYPES = YES;
				CLANG_WARN_SUSPICIOUS_MOVE = YES;
				CLANG_WARN_UNGUARDED_AVAILABILITY = YES_AGGRESSIVE;
				CLANG_WARN_UNREACHABLE_CODE = YES;
				CLANG_WARN__DUPLICATE_METHOD_MATCH = YES;
				COPY_PHASE_STRIP = NO;
				DEBUG_INFORMATION_FORMAT = dwarf;
				ENABLE_STRICT_OBJC_MSGSEND = YES;
				ENABLE_TESTABILITY = YES;
				GCC_C_LANGUAGE_STANDARD = gnu11;
				GCC_DYNAMIC_NO_PIC = NO;
				GCC_NO_COMMON_BLOCKS = YES;
				GCC_OPTIMIZATION_LEVEL = 0;
				GCC_PREPROCESSOR_DEFINITIONS = (
					"DEBUG=1",
					"$(inherited)",
				);
				GCC_WARN_64_TO_32_BIT_CONVERSION = YES;
				GCC_WARN_ABOUT_RETURN_TYPE = YES_ERROR;
				GCC_WARN_UNDECLARED_SELECTOR = YES;
				GCC_WARN_UNINITIALIZED_AUTOS = YES_AGGRESSIVE;
				GCC_WARN_UNUSED_FUNCTION = YES;
				GCC_WARN_UNUSED_VARIABLE = YES;
				MACOSX_DEPLOYMENT_TARGET = 11.0;
				MTL_ENABLE_DEBUG_INFO = INCLUDE_SOURCE;
				MTL_FAST_MATH = YES;
				ONLY_ACTIVE_ARCH = YES;
				SDKROOT = macosx;
			};
			name = Debug;
		};
		566A3207263AA1E6001E8D28 /* Release */ = {
			isa = XCBuildConfiguration;
			buildSettings = {
				ALWAYS_SEARCH_USER_PATHS = NO;
				CLANG_ANALYZER_NONNULL = YES;
				CLANG_ANALYZER_NUMBER_OBJECT_CONVERSION = YES_AGGRESSIVE;
				CLANG_CXX_LANGUAGE_STANDARD = "gnu++14";
				CLANG_CXX_LIBRARY = "libc++";
				CLANG_ENABLE_MODULES = YES;
				CLANG_ENABLE_OBJC_ARC = YES;
				CLANG_ENABLE_OBJC_WEAK = YES;
				CLANG_WARN_BLOCK_CAPTURE_AUTORELEASING = YES;
				CLANG_WARN_BOOL_CONVERSION = YES;
				CLANG_WARN_COMMA = YES;
				CLANG_WARN_CONSTANT_CONVERSION = YES;
				CLANG_WARN_DEPRECATED_OBJC_IMPLEMENTATIONS = YES;
				CLANG_WARN_DIRECT_OBJC_ISA_USAGE = YES_ERROR;
				CLANG_WARN_DOCUMENTATION_COMMENTS = YES;
				CLANG_WARN_EMPTY_BODY = YES;
				CLANG_WARN_ENUM_CONVERSION = YES;
				CLANG_WARN_INFINITE_RECURSION = YES;
				CLANG_WARN_INT_CONVERSION = YES;
				CLANG_WARN_NON_LITERAL_NULL_CONVERSION = YES;
				CLANG_WARN_OBJC_IMPLICIT_RETAIN_SELF = YES;
				CLANG_WARN_OBJC_LITERAL_CONVERSION = YES;
				CLANG_WARN_OBJC_ROOT_CLASS = YES_ERROR;
				CLANG_WARN_QUOTED_INCLUDE_IN_FRAMEWORK_HEADER = YES;
				CLANG_WARN_RANGE_LOOP_ANALYSIS = YES;
				CLANG_WARN_STRICT_PROTOTYPES = YES;
				CLANG_WARN_SUSPICIOUS_MOVE = YES;
				CLANG_WARN_UNGUARDED_AVAILABILITY = YES_AGGRESSIVE;
				CLANG_WARN_UNREACHABLE_CODE = YES;
				CLANG_WARN__DUPLICATE_METHOD_MATCH = YES;
				COPY_PHASE_STRIP = NO;
				DEBUG_INFORMATION_FORMAT = "dwarf-with-dsym";
				ENABLE_NS_ASSERTIONS = NO;
				ENABLE_STRICT_OBJC_MSGSEND = YES;
				GCC_C_LANGUAGE_STANDARD = gnu11;
				GCC_NO_COMMON_BLOCKS = YES;
				GCC_WARN_64_TO_32_BIT_CONVERSION = YES;
				GCC_WARN_ABOUT_RETURN_TYPE = YES_ERROR;
				GCC_WARN_UNDECLARED_SELECTOR = YES;
				GCC_WARN_UNINITIALIZED_AUTOS = YES_AGGRESSIVE;
				GCC_WARN_UNUSED_FUNCTION = YES;
				GCC_WARN_UNUSED_VARIABLE = YES;
				MACOSX_DEPLOYMENT_TARGET = 11.0;
				MTL_ENABLE_DEBUG_INFO = NO;
				MTL_FAST_MATH = YES;
				SDKROOT = macosx;
			};
			name = Release;
		};
		566A3209263AA1E6001E8D28 /* Debug */ = {
			isa = XCBuildConfiguration;
			buildSettings = {
				CODE_SIGN_STYLE = Automatic;
				GCC_NO_COMMON_BLOCKS = YES;
				HEADER_SEARCH_PATHS = "/usr/local/Cellar/opencv/**";
				LIBRARY_SEARCH_PATHS = /usr/local/Cellar/opencv/4.5.2/lib;
				PRODUCT_NAME = "$(TARGET_NAME)";
			};
			name = Debug;
		};
		566A320A263AA1E6001E8D28 /* Release */ = {
			isa = XCBuildConfiguration;
			buildSettings = {
				CODE_SIGN_STYLE = Automatic;
				GCC_NO_COMMON_BLOCKS = YES;
				LIBRARY_SEARCH_PATHS = /usr/local/Cellar/opencv/4.5.2/lib;
				PRODUCT_NAME = "$(TARGET_NAME)";
			};
			name = Release;
		};
		5680A911263BA66100EC3B30 /* Debug */ = {
			isa = XCBuildConfiguration;
			buildSettings = {
				CODE_SIGN_STYLE = Automatic;
				HEADER_SEARCH_PATHS = "/usr/local/Cellar/opencv/**";
				LIBRARY_SEARCH_PATHS = (
					"/usr/local/Cellar/opencv/4.5.2/lib/**",
					/usr/local/Cellar/opencv/4.5.2/lib,
				);
				PRODUCT_NAME = "$(TARGET_NAME)";
			};
			name = Debug;
		};
		5680A912263BA66100EC3B30 /* Release */ = {
			isa = XCBuildConfiguration;
			buildSettings = {
				CODE_SIGN_STYLE = Automatic;
				LIBRARY_SEARCH_PATHS = (
					"/usr/local/Cellar/opencv/4.5.2/lib/**",
					/usr/local/Cellar/opencv/4.5.2/lib,
				);
				PRODUCT_NAME = "$(TARGET_NAME)";
			};
			name = Release;
		};
		5680ADD4263BECE500EC3B30 /* Debug */ = {
			isa = XCBuildConfiguration;
			buildSettings = {
				CODE_SIGN_STYLE = Automatic;
				HEADER_SEARCH_PATHS = "/usr/local/Cellar/opencv/**";
				LIBRARY_SEARCH_PATHS = (
					"$(inherited)",
					/usr/local/Cellar/opencv/4.5.2/lib,
				);
				PRODUCT_NAME = "$(TARGET_NAME)";
			};
			name = Debug;
		};
		5680ADD5263BECE500EC3B30 /* Release */ = {
			isa = XCBuildConfiguration;
			buildSettings = {
				CODE_SIGN_STYLE = Automatic;
				LIBRARY_SEARCH_PATHS = (
					"$(inherited)",
					/usr/local/Cellar/opencv/4.5.2/lib,
				);
				PRODUCT_NAME = "$(TARGET_NAME)";
			};
			name = Release;
		};
/* End XCBuildConfiguration section */

/* Begin XCConfigurationList section */
		566A31FC263AA1E6001E8D28 /* Build configuration list for PBXProject "image_processing" */ = {
			isa = XCConfigurationList;
			buildConfigurations = (
				566A3206263AA1E6001E8D28 /* Debug */,
				566A3207263AA1E6001E8D28 /* Release */,
			);
			defaultConfigurationIsVisible = 0;
			defaultConfigurationName = Release;
		};
		566A3208263AA1E6001E8D28 /* Build configuration list for PBXNativeTarget "image_processing" */ = {
			isa = XCConfigurationList;
			buildConfigurations = (
				566A3209263AA1E6001E8D28 /* Debug */,
				566A320A263AA1E6001E8D28 /* Release */,
			);
			defaultConfigurationIsVisible = 0;
			defaultConfigurationName = Release;
		};
		5680A913263BA66100EC3B30 /* Build configuration list for PBXNativeTarget "random_generator_and_text" */ = {
			isa = XCConfigurationList;
			buildConfigurations = (
				5680A911263BA66100EC3B30 /* Debug */,
				5680A912263BA66100EC3B30 /* Release */,
			);
			defaultConfigurationIsVisible = 0;
			defaultConfigurationName = Release;
		};
		5680ADD3263BECE500EC3B30 /* Build configuration list for PBXNativeTarget "smoothing_images" */ = {
			isa = XCConfigurationList;
			buildConfigurations = (
				5680ADD4263BECE500EC3B30 /* Debug */,
				5680ADD5263BECE500EC3B30 /* Release */,
			);
			defaultConfigurationIsVisible = 0;
			defaultConfigurationName = Release;
		};
/* End XCConfigurationList section */
	};
	rootObject = 566A31F9263AA1E6001E8D28 /* Project object */;
}
